{
  "version": 4,
  "terraform_version": "1.7.5",
  "serial": 887,
  "lineage": "c9e62895-468a-a81e-164d-82b229e4b3c5",
  "outputs": {
    "ec2_jenkins_agent_security_group_id": {
      "value": "sg-0313ec850d9c8b0bb",
      "type": "string"
    },
    "ecs_agent_role_arn": {
      "value": "arn:aws:iam::590183835677:role/ecs-agent",
      "type": "string"
    },
    "ecs_cloudwatch_log_group_name": {
      "value": "serverless-jenkins-on-ecs",
      "type": "string"
    },
    "ecs_execution_role_arn": {
      "value": "arn:aws:iam::590183835677:role/ecs-execution",
      "type": "string"
    },
    "ecs_jenkins_agent_security_group_id": {
      "value": "sg-0313ec850d9c8b0bb",
      "type": "string"
    },
    "jenkins_controller_agent_tunnel_connection": {
      "value": "jenkins-controller.serverless-jenkins-on-ecs:50000",
      "type": "string"
    },
    "jenkins_url": {
      "value": "http://serverless-jenkins-on-ecs-1054555025.us-east-1.elb.amazonaws.com",
      "type": "string"
    },
    "private_subnet_ids": {
      "value": "subnet-030fad59adfe6be23,subnet-074036361f072a058",
      "type": "string"
    }
  },
  "resources": [
    {
      "mode": "data",
      "type": "aws_caller_identity",
      "name": "this",
      "provider": "provider[\"registry.terraform.io/hashicorp/aws\"]",
      "instances": [
        {
          "schema_version": 0,
          "attributes": {
            "account_id": "590183835677",
            "arn": "arn:aws:iam::590183835677:user/terraform-user",
            "id": "590183835677",
            "user_id": "AIDAYS2NSVAOUBZ5JSQNS"
          },
          "sensitive_attributes": []
        }
      ]
    },
    {
      "mode": "data",
      "type": "aws_iam_policy_document",
      "name": "ec2_access",
      "provider": "provider[\"registry.terraform.io/hashicorp/aws\"]",
      "instances": [
        {
          "schema_version": 0,
          "attributes": {
            "id": "691685223",
            "json": "{\n  \"Version\": \"2012-10-17\",\n  \"Statement\": [\n    {\n      \"Effect\": \"Allow\",\n      \"Action\": [\n        \"iam:PassRole\",\n        \"iam:ListInstanceProfilesForRole\",\n        \"ec2:TerminateInstances\",\n        \"ec2:StopInstances\",\n        \"ec2:StartInstances\",\n        \"ec2:RunInstances\",\n        \"ec2:RequestSpotInstances\",\n        \"ec2:GetPasswordData\",\n        \"ec2:GetConsoleOutput\",\n        \"ec2:DescribeSubnets\",\n        \"ec2:DescribeSpotInstanceRequests\",\n        \"ec2:DescribeSecurityGroups\",\n        \"ec2:DescribeRegions\",\n        \"ec2:DescribeKeyPairs\",\n        \"ec2:DescribeInstances\",\n        \"ec2:DescribeInstanceTypes\",\n        \"ec2:DescribeImages\",\n        \"ec2:DescribeAvailabilityZones\",\n        \"ec2:DeleteTags\",\n        \"ec2:CreateTags\",\n        \"ec2:CancelSpotInstanceRequests\"\n      ],\n      \"Resource\": \"*\"\n    }\n  ]\n}",
            "override_json": null,
            "override_policy_documents": null,
            "policy_id": null,
            "source_json": null,
            "source_policy_documents": null,
            "statement": [
              {
                "actions": [
                  "ec2:CancelSpotInstanceRequests",
                  "ec2:CreateTags",
                  "ec2:DeleteTags",
                  "ec2:DescribeAvailabilityZones",
                  "ec2:DescribeImages",
                  "ec2:DescribeInstanceTypes",
                  "ec2:DescribeInstances",
                  "ec2:DescribeKeyPairs",
                  "ec2:DescribeRegions",
                  "ec2:DescribeSecurityGroups",
                  "ec2:DescribeSpotInstanceRequests",
                  "ec2:DescribeSubnets",
                  "ec2:GetConsoleOutput",
                  "ec2:GetPasswordData",
                  "ec2:RequestSpotInstances",
                  "ec2:RunInstances",
                  "ec2:StartInstances",
                  "ec2:StopInstances",
                  "ec2:TerminateInstances",
                  "iam:ListInstanceProfilesForRole",
                  "iam:PassRole"
                ],
                "condition": [],
                "effect": "Allow",
                "not_actions": [],
                "not_principals": [],
                "not_resources": [],
                "principals": [],
                "resources": [
                  "*"
                ],
                "sid": ""
              }
            ],
            "version": "2012-10-17"
          },
          "sensitive_attributes": []
        }
      ]
    },
    {
      "mode": "data",
      "type": "aws_iam_policy_document",
      "name": "ecs_access",
      "provider": "provider[\"registry.terraform.io/hashicorp/aws\"]",
      "instances": [
        {
          "schema_version": 0,
          "attributes": {
            "id": "3948643019",
            "json": "{\n  \"Version\": \"2012-10-17\",\n  \"Statement\": [\n    {\n      \"Effect\": \"Allow\",\n      \"Action\": [\n        \"ecs:TagResource\",\n        \"ecs:RegisterTaskDefinition\",\n        \"ecs:ListTaskDefinitions\",\n        \"ecs:ListTagsForResource\",\n        \"ecs:ListClusters\",\n        \"ecs:DescribeTaskDefinition\",\n        \"ecs:DescribeContainerInstances\",\n        \"ecs:DescribeClusters\",\n        \"ecs:DeregisterTaskDefinition\"\n      ],\n      \"Resource\": \"*\"\n    },\n    {\n      \"Effect\": \"Allow\",\n      \"Action\": \"ecs:ListContainerInstances\",\n      \"Resource\": \"arn:aws:ecs:us-east-1:590183835677:cluster/serverless-jenkins-on-ecs\"\n    },\n    {\n      \"Effect\": \"Allow\",\n      \"Action\": [\n        \"ecs:StopTask\",\n        \"ecs:RunTask\",\n        \"ecs:DescribeTasks\"\n      ],\n      \"Resource\": \"*\",\n      \"Condition\": {\n        \"ArnEquals\": {\n          \"ecs:cluster\": \"arn:aws:ecs:us-east-1:590183835677:cluster/serverless-jenkins-on-ecs\"\n        }\n      }\n    }\n  ]\n}",
            "override_json": null,
            "override_policy_documents": null,
            "policy_id": null,
            "source_json": null,
            "source_policy_documents": null,
            "statement": [
              {
                "actions": [
                  "ecs:DeregisterTaskDefinition",
                  "ecs:DescribeClusters",
                  "ecs:DescribeContainerInstances",
                  "ecs:DescribeTaskDefinition",
                  "ecs:ListClusters",
                  "ecs:ListTagsForResource",
                  "ecs:ListTaskDefinitions",
                  "ecs:RegisterTaskDefinition",
                  "ecs:TagResource"
                ],
                "condition": [],
                "effect": "Allow",
                "not_actions": [],
                "not_principals": [],
                "not_resources": [],
                "principals": [],
                "resources": [
                  "*"
                ],
                "sid": ""
              },
              {
                "actions": [
                  "ecs:ListContainerInstances"
                ],
                "condition": [],
                "effect": "Allow",
                "not_actions": [],
                "not_principals": [],
                "not_resources": [],
                "principals": [],
                "resources": [
                  "arn:aws:ecs:us-east-1:590183835677:cluster/serverless-jenkins-on-ecs"
                ],
                "sid": ""
              },
              {
                "actions": [
                  "ecs:DescribeTasks",
                  "ecs:RunTask",
                  "ecs:StopTask"
                ],
                "condition": [
                  {
                    "test": "ArnEquals",
                    "values": [
                      "arn:aws:ecs:us-east-1:590183835677:cluster/serverless-jenkins-on-ecs"
                    ],
                    "variable": "ecs:cluster"
                  }
                ],
                "effect": "Allow",
                "not_actions": [],
                "not_principals": [],
                "not_resources": [],
                "principals": [],
                "resources": [
                  "*"
                ],
                "sid": ""
              }
            ],
            "version": "2012-10-17"
          },
          "sensitive_attributes": []
        }
      ]
    },
    {
      "mode": "data",
      "type": "aws_iam_policy_document",
      "name": "efs_access",
      "provider": "provider[\"registry.terraform.io/hashicorp/aws\"]",
      "instances": [
        {
          "schema_version": 0,
          "attributes": {
            "id": "13454340",
            "json": "{\n  \"Version\": \"2012-10-17\",\n  \"Statement\": [\n    {\n      \"Effect\": \"Allow\",\n      \"Action\": [\n        \"elasticfilesystem:ClientWrite\",\n        \"elasticfilesystem:ClientMount\"\n      ],\n      \"Resource\": \"arn:aws:elasticfilesystem:us-east-1:590183835677:file-system/fs-09e7dad22917b3070\"\n    }\n  ]\n}",
            "override_json": null,
            "override_policy_documents": null,
            "policy_id": null,
            "source_json": null,
            "source_policy_documents": null,
            "statement": [
              {
                "actions": [
                  "elasticfilesystem:ClientMount",
                  "elasticfilesystem:ClientWrite"
                ],
                "condition": [],
                "effect": "Allow",
                "not_actions": [],
                "not_principals": [],
                "not_resources": [],
                "principals": [],
                "resources": [
                  "arn:aws:elasticfilesystem:us-east-1:590183835677:file-system/fs-09e7dad22917b3070"
                ],
                "sid": ""
              }
            ],
            "version": "2012-10-17"
          },
          "sensitive_attributes": []
        }
      ]
    },
    {
      "mode": "data",
      "type": "aws_iam_policy_document",
      "name": "iam_access",
      "provider": "provider[\"registry.terraform.io/hashicorp/aws\"]",
      "instances": [
        {
          "schema_version": 0,
          "attributes": {
            "id": "4116621647",
            "json": "{\n  \"Version\": \"2012-10-17\",\n  \"Statement\": [\n    {\n      \"Effect\": \"Allow\",\n      \"Action\": [\n        \"iam:PassRole\",\n        \"iam:GetRole\"\n      ],\n      \"Resource\": [\n        \"arn:aws:iam::590183835677:role/ecs-execution\",\n        \"arn:aws:iam::590183835677:role/ecs-agent\"\n      ]\n    }\n  ]\n}",
            "override_json": null,
            "override_policy_documents": null,
            "policy_id": null,
            "source_json": null,
            "source_policy_documents": null,
            "statement": [
              {
                "actions": [
                  "iam:GetRole",
                  "iam:PassRole"
                ],
                "condition": [],
                "effect": "Allow",
                "not_actions": [],
                "not_principals": [],
                "not_resources": [],
                "principals": [],
                "resources": [
                  "arn:aws:iam::590183835677:role/ecs-agent",
                  "arn:aws:iam::590183835677:role/ecs-execution"
                ],
                "sid": ""
              }
            ],
            "version": "2012-10-17"
          },
          "sensitive_attributes": []
        }
      ]
    },
    {
      "mode": "data",
      "type": "aws_iam_policy_document",
      "name": "this",
      "provider": "provider[\"registry.terraform.io/hashicorp/aws\"]",
      "instances": [
        {
          "schema_version": 0,
          "attributes": {
            "id": "3407039060",
            "json": "{\n  \"Version\": \"2012-10-17\",\n  \"Statement\": [\n    {\n      \"Effect\": \"Allow\",\n      \"Action\": [\n        \"elasticfilesystem:ClientWrite\",\n        \"elasticfilesystem:ClientMount\"\n      ],\n      \"Resource\": \"arn:aws:elasticfilesystem:us-east-1:590183835677:file-system/fs-09e7dad22917b3070\",\n      \"Principal\": {\n        \"Service\": \"ecs-tasks.amazonaws.com\"\n      },\n      \"Condition\": {\n        \"Bool\": {\n          \"aws:SecureTransport\": \"true\"\n        }\n      }\n    }\n  ]\n}",
            "override_json": null,
            "override_policy_documents": null,
            "policy_id": null,
            "source_json": null,
            "source_policy_documents": null,
            "statement": [
              {
                "actions": [
                  "elasticfilesystem:ClientMount",
                  "elasticfilesystem:ClientWrite"
                ],
                "condition": [
                  {
                    "test": "Bool",
                    "values": [
                      "true"
                    ],
                    "variable": "aws:SecureTransport"
                  }
                ],
                "effect": "Allow",
                "not_actions": [],
                "not_principals": [],
                "not_resources": [],
                "principals": [
                  {
                    "identifiers": [
                      "ecs-tasks.amazonaws.com"
                    ],
                    "type": "Service"
                  }
                ],
                "resources": [
                  "arn:aws:elasticfilesystem:us-east-1:590183835677:file-system/fs-09e7dad22917b3070"
                ],
                "sid": ""
              }
            ],
            "version": "2012-10-17"
          },
          "sensitive_attributes": []
        }
      ]
    },
    {
      "mode": "data",
      "type": "aws_region",
      "name": "current",
      "provider": "provider[\"registry.terraform.io/hashicorp/aws\"]",
      "instances": [
        {
          "schema_version": 0,
          "attributes": {
            "description": "US East (N. Virginia)",
            "endpoint": "ec2.us-east-1.amazonaws.com",
            "id": "us-east-1",
            "name": "us-east-1"
          },
          "sensitive_attributes": []
        }
      ]
    },
    {
      "mode": "managed",
      "type": "aws_cloudwatch_log_group",
      "name": "this",
      "provider": "provider[\"registry.terraform.io/hashicorp/aws\"]",
      "instances": [
        {
          "schema_version": 0,
          "attributes": {
            "arn": "arn:aws:logs:us-east-1:590183835677:log-group:serverless-jenkins-on-ecs",
            "id": "serverless-jenkins-on-ecs",
            "kms_key_id": "",
            "log_group_class": "STANDARD",
            "name": "serverless-jenkins-on-ecs",
            "name_prefix": "",
            "retention_in_days": 30,
            "skip_destroy": false,
            "tags": null,
            "tags_all": {}
          },
          "sensitive_attributes": [],
          "private": "bnVsbA=="
        }
      ]
    },
    {
      "mode": "managed",
      "type": "aws_ecr_repository",
      "name": "this",
      "provider": "provider[\"registry.terraform.io/hashicorp/aws\"]",
      "instances": [
        {
          "schema_version": 0,
          "attributes": {
            "arn": "arn:aws:ecr:us-east-1:590183835677:repository/serverless-jenkins-on-ecs",
            "encryption_configuration": [
              {
                "encryption_type": "AES256",
                "kms_key": ""
              }
            ],
            "force_delete": null,
            "id": "serverless-jenkins-on-ecs",
            "image_scanning_configuration": [
              {
                "scan_on_push": true
              }
            ],
            "image_tag_mutability": "IMMUTABLE",
            "name": "serverless-jenkins-on-ecs",
            "registry_id": "590183835677",
            "repository_url": "590183835677.dkr.ecr.us-east-1.amazonaws.com/serverless-jenkins-on-ecs",
            "tags": {},
            "tags_all": {},
            "timeouts": null
          },
          "sensitive_attributes": [],
          "private": "eyJlMmJmYjczMC1lY2FhLTExZTYtOGY4OC0zNDM2M2JjN2M0YzAiOnsiZGVsZXRlIjoxMjAwMDAwMDAwMDAwfX0="
        }
      ]
    },
    {
      "mode": "managed",
      "type": "aws_ecs_cluster",
      "name": "this",
      "provider": "provider[\"registry.terraform.io/hashicorp/aws\"]",
      "instances": [
        {
          "schema_version": 0,
          "attributes": {
            "arn": "arn:aws:ecs:us-east-1:590183835677:cluster/serverless-jenkins-on-ecs",
            "configuration": [],
            "id": "arn:aws:ecs:us-east-1:590183835677:cluster/serverless-jenkins-on-ecs",
            "name": "serverless-jenkins-on-ecs",
            "service_connect_defaults": [],
            "setting": [],
            "tags": null,
            "tags_all": {}
          },
          "sensitive_attributes": [],
          "private": "bnVsbA=="
        }
      ]
    },
    {
      "mode": "managed",
      "type": "aws_ecs_service",
      "name": "this",
      "provider": "provider[\"registry.terraform.io/hashicorp/aws\"]",
      "instances": [
        {
          "schema_version": 0,
          "attributes": {
            "alarms": [],
            "capacity_provider_strategy": [],
            "cluster": "arn:aws:ecs:us-east-1:590183835677:cluster/serverless-jenkins-on-ecs",
            "deployment_circuit_breaker": [
              {
                "enable": false,
                "rollback": false
              }
            ],
            "deployment_controller": [
              {
                "type": "ECS"
              }
            ],
            "deployment_maximum_percent": 200,
            "deployment_minimum_healthy_percent": 100,
            "desired_count": 1,
            "enable_ecs_managed_tags": false,
            "enable_execute_command": true,
            "force_new_deployment": null,
            "health_check_grace_period_seconds": 0,
            "iam_role": "/aws-service-role/ecs.amazonaws.com/AWSServiceRoleForECS",
            "id": "arn:aws:ecs:us-east-1:590183835677:service/serverless-jenkins-on-ecs/serverless-jenkins-on-ecs",
            "launch_type": "FARGATE",
            "load_balancer": [
              {
                "container_name": "jenkins-controller",
                "container_port": 8080,
                "elb_name": "",
                "target_group_arn": "arn:aws:elasticloadbalancing:us-east-1:590183835677:targetgroup/serverless-jenkins-on-ecs/0e3a83f035bef9ab"
              }
            ],
            "name": "serverless-jenkins-on-ecs",
            "network_configuration": [
              {
                "assign_public_ip": false,
                "security_groups": [
                  "sg-0b15fcf7eb4245bdf"
                ],
                "subnets": [
                  "subnet-030fad59adfe6be23",
                  "subnet-074036361f072a058"
                ]
              }
            ],
            "ordered_placement_strategy": [],
            "placement_constraints": [],
            "platform_version": "LATEST",
            "propagate_tags": "NONE",
            "scheduling_strategy": "REPLICA",
            "service_connect_configuration": [],
            "service_registries": [
              {
                "container_name": "",
                "container_port": 0,
                "port": 50000,
                "registry_arn": "arn:aws:servicediscovery:us-east-1:590183835677:service/srv-5qzt2vdedxbashxk"
              }
            ],
            "tags": null,
            "tags_all": {},
            "task_definition": "arn:aws:ecs:us-east-1:590183835677:task-definition/serverless-jenkins-on-ecs:9",
            "timeouts": null,
            "triggers": {},
            "wait_for_steady_state": false
          },
          "sensitive_attributes": [],
          "private": "eyJlMmJmYjczMC1lY2FhLTExZTYtOGY4OC0zNDM2M2JjN2M0YzAiOnsiY3JlYXRlIjoxMjAwMDAwMDAwMDAwLCJkZWxldGUiOjEyMDAwMDAwMDAwMDAsInVwZGF0ZSI6MTIwMDAwMDAwMDAwMH19",
          "dependencies": [
            "aws_cloudwatch_log_group.this",
            "aws_ecs_cluster.this",
            "aws_ecs_task_definition.this",
            "aws_efs_access_point.this",
            "aws_efs_file_system.this",
            "aws_iam_role.agent",
            "aws_iam_role.execution",
            "aws_iam_role.task",
            "aws_lb.this",
            "aws_lb_target_group.this",
            "aws_security_group.alb",
            "aws_security_group.allow_ssh",
            "aws_security_group.ecs_jenkins_agent",
            "aws_security_group.ecs_service",
            "aws_service_discovery_private_dns_namespace.this",
            "aws_service_discovery_service.this",
            "aws_subnet.private",
            "aws_subnet.public",
            "aws_vpc.this",
            "data.aws_caller_identity.this",
            "data.aws_region.current"
          ]
        }
      ]
    },
    {
      "mode": "managed",
      "type": "aws_ecs_task_definition",
      "name": "this",
      "provider": "provider[\"registry.terraform.io/hashicorp/aws\"]",
      "instances": [
        {
          "schema_version": 1,
          "attributes": {
            "arn": "arn:aws:ecs:us-east-1:590183835677:task-definition/serverless-jenkins-on-ecs:9",
            "arn_without_revision": "arn:aws:ecs:us-east-1:590183835677:task-definition/serverless-jenkins-on-ecs",
            "container_definitions": "[{\"cpu\":0,\"environment\":[{\"name\":\"ECS_AGENT_TASK_ROLE_ARN\",\"value\":\"arn:aws:iam::590183835677:role/ecs-agent\"},{\"name\":\"ECS_CLUSTER_ARN\",\"value\":\"arn:aws:ecs:us-east-1:590183835677:cluster/serverless-jenkins-on-ecs\"},{\"name\":\"ECS_CLUSTER_NAME\",\"value\":\"serverless-jenkins-on-ecs\"},{\"name\":\"ECS_EXECUTION_ROLE_ARN\",\"value\":\"arn:aws:iam::590183835677:role/ecs-execution\"},{\"name\":\"ECS_REGION\",\"value\":\"us-east-1\"},{\"name\":\"JENKINS_AGENT_CLOUDWATCH_LOG_GROUP_NAME\",\"value\":\"serverless-jenkins-on-ecs\"},{\"name\":\"JENKINS_AGENT_CLOUDWATCH_LOG_GROUP_REGION\",\"value\":\"us-east-1\"},{\"name\":\"JENKINS_AGENT_IMAGE\",\"value\":\"590183835677.dkr.ecr.us-east-1.amazonaws.com/serverless-jenkins-on-ecs:jenkins-agent\"},{\"name\":\"JENKINS_AGENT_SECURITY_GROUP\",\"value\":\"sg-0313ec850d9c8b0bb\"},{\"name\":\"JENKINS_AGENT_SUBNET_IDS\",\"value\":\"subnet-030fad59adfe6be23,subnet-074036361f072a058\"},{\"name\":\"JENKINS_CONTROLLER_AGENT_TUNNEL\",\"value\":\"jenkins-controller.serverless-jenkins-on-ecs:50000\"},{\"name\":\"JENKINS_EC2_AGENT_SECURITY_GROUP\",\"value\":\"sg-087e191dbe812a2cf\"},{\"name\":\"JENKINS_URL\",\"value\":\"http://serverless-jenkins-on-ecs-1054555025.us-east-1.elb.amazonaws.com\"},{\"name\":\"USER_NAME\",\"value\":\"admin\"},{\"name\":\"USER_PASSWORD\",\"value\":\"admin\"}],\"essential\":true,\"image\":\"590183835677.dkr.ecr.us-east-1.amazonaws.com/serverless-jenkins-on-ecs:jenkins-controller\",\"logConfiguration\":{\"logDriver\":\"awslogs\",\"options\":{\"awslogs-group\":\"serverless-jenkins-on-ecs\",\"awslogs-region\":\"us-east-1\",\"awslogs-stream-prefix\":\"jenkins-controller\"}},\"mountPoints\":[{\"containerPath\":\"/var/jenkins_home\",\"sourceVolume\":\"home\"}],\"name\":\"jenkins-controller\",\"portMappings\":[{\"containerPort\":8080,\"hostPort\":8080,\"protocol\":\"tcp\"},{\"containerPort\":50000,\"hostPort\":50000,\"protocol\":\"tcp\"}],\"systemControls\":[],\"volumesFrom\":[]}]",
            "cpu": "1024",
            "ephemeral_storage": [],
            "execution_role_arn": "arn:aws:iam::590183835677:role/ecs-execution",
            "family": "serverless-jenkins-on-ecs",
            "id": "serverless-jenkins-on-ecs",
            "inference_accelerator": [],
            "ipc_mode": "",
            "memory": "2048",
            "network_mode": "awsvpc",
            "pid_mode": "",
            "placement_constraints": [],
            "proxy_configuration": [],
            "requires_compatibilities": [
              "FARGATE"
            ],
            "revision": 9,
            "runtime_platform": [],
            "skip_destroy": false,
            "tags": null,
            "tags_all": {},
            "task_role_arn": "arn:aws:iam::590183835677:role/ecs-task",
            "track_latest": false,
            "volume": [
              {
                "docker_volume_configuration": [],
                "efs_volume_configuration": [
                  {
                    "authorization_config": [
                      {
                        "access_point_id": "fsap-0be7dda6ea48349c1",
                        "iam": "ENABLED"
                      }
                    ],
                    "file_system_id": "fs-09e7dad22917b3070",
                    "root_directory": "/",
                    "transit_encryption": "ENABLED",
                    "transit_encryption_port": 0
                  }
                ],
                "fsx_windows_file_server_volume_configuration": [],
                "host_path": "",
                "name": "home"
              }
            ]
          },
          "sensitive_attributes": [],
          "private": "eyJzY2hlbWFfdmVyc2lvbiI6IjEifQ==",
          "dependencies": [
            "aws_cloudwatch_log_group.this",
            "aws_ecs_cluster.this",
            "aws_efs_access_point.this",
            "aws_efs_file_system.this",
            "aws_iam_role.agent",
            "aws_iam_role.execution",
            "aws_iam_role.task",
            "aws_lb.this",
            "aws_security_group.alb",
            "aws_security_group.allow_ssh",
            "aws_security_group.ecs_jenkins_agent",
            "aws_subnet.private",
            "aws_subnet.public",
            "aws_vpc.this",
            "data.aws_caller_identity.this",
            "data.aws_region.current"
          ]
        }
      ]
    },
    {
      "mode": "managed",
      "type": "aws_efs_access_point",
      "name": "this",
      "provider": "provider[\"registry.terraform.io/hashicorp/aws\"]",
      "instances": [
        {
          "schema_version": 0,
          "attributes": {
            "arn": "arn:aws:elasticfilesystem:us-east-1:590183835677:access-point/fsap-0be7dda6ea48349c1",
            "file_system_arn": "arn:aws:elasticfilesystem:us-east-1:590183835677:file-system/fs-09e7dad22917b3070",
            "file_system_id": "fs-09e7dad22917b3070",
            "id": "fsap-0be7dda6ea48349c1",
            "owner_id": "590183835677",
            "posix_user": [
              {
                "gid": 1000,
                "secondary_gids": null,
                "uid": 1000
              }
            ],
            "root_directory": [
              {
                "creation_info": [
                  {
                    "owner_gid": 1000,
                    "owner_uid": 1000,
                    "permissions": "755"
                  }
                ],
                "path": "/home"
              }
            ],
            "tags": null,
            "tags_all": {}
          },
          "sensitive_attributes": [],
          "private": "bnVsbA==",
          "dependencies": [
            "aws_efs_file_system.this"
          ]
        }
      ]
    },
    {
      "mode": "managed",
      "type": "aws_efs_file_system",
      "name": "this",
      "provider": "provider[\"registry.terraform.io/hashicorp/aws\"]",
      "instances": [
        {
          "schema_version": 0,
          "attributes": {
            "arn": "arn:aws:elasticfilesystem:us-east-1:590183835677:file-system/fs-09e7dad22917b3070",
            "availability_zone_id": "",
            "availability_zone_name": "",
            "creation_token": "serverless-jenkins-on-ecs",
            "dns_name": "fs-09e7dad22917b3070.efs.us-east-1.amazonaws.com",
            "encrypted": true,
            "id": "fs-09e7dad22917b3070",
            "kms_key_id": "arn:aws:kms:us-east-1:590183835677:key/f3ff54d2-3f61-4b6c-9144-e24567bad7b9",
            "lifecycle_policy": [],
            "name": "",
            "number_of_mount_targets": 0,
            "owner_id": "590183835677",
            "performance_mode": "generalPurpose",
            "protection": [
              {
                "replication_overwrite": "ENABLED"
              }
            ],
            "provisioned_throughput_in_mibps": 0,
            "size_in_bytes": [
              {
                "value": 6144,
                "value_in_ia": 0,
                "value_in_standard": 6144
              }
            ],
            "tags": null,
            "tags_all": {},
            "throughput_mode": "bursting"
          },
          "sensitive_attributes": [],
          "private": "bnVsbA=="
        }
      ]
    },
    {
      "mode": "managed",
      "type": "aws_efs_file_system_policy",
      "name": "this",
      "provider": "provider[\"registry.terraform.io/hashicorp/aws\"]",
      "instances": [
        {
          "schema_version": 0,
          "attributes": {
            "bypass_policy_lockout_safety_check": false,
            "file_system_id": "fs-09e7dad22917b3070",
            "id": "fs-09e7dad22917b3070",
            "policy": "{\"Statement\":[{\"Action\":[\"elasticfilesystem:ClientWrite\",\"elasticfilesystem:ClientMount\"],\"Condition\":{\"Bool\":{\"aws:SecureTransport\":\"true\"}},\"Effect\":\"Allow\",\"Principal\":{\"Service\":\"ecs-tasks.amazonaws.com\"},\"Resource\":\"arn:aws:elasticfilesystem:us-east-1:590183835677:file-system/fs-09e7dad22917b3070\"}],\"Version\":\"2012-10-17\"}"
          },
          "sensitive_attributes": [],
          "private": "bnVsbA==",
          "dependencies": [
            "aws_efs_file_system.this",
            "data.aws_iam_policy_document.this"
          ]
        }
      ]
    },
    {
      "mode": "managed",
      "type": "aws_efs_mount_target",
      "name": "this",
      "provider": "provider[\"registry.terraform.io/hashicorp/aws\"]",
      "instances": [
        {
          "index_key": "subnet_1",
          "schema_version": 0,
          "attributes": {
            "availability_zone_id": "use1-az4",
            "availability_zone_name": "us-east-1a",
            "dns_name": "fs-09e7dad22917b3070.efs.us-east-1.amazonaws.com",
            "file_system_arn": "arn:aws:elasticfilesystem:us-east-1:590183835677:file-system/fs-09e7dad22917b3070",
            "file_system_id": "fs-09e7dad22917b3070",
            "id": "fsmt-015b7a56b508b4e11",
            "ip_address": "192.168.2.65",
            "mount_target_dns_name": "us-east-1a.fs-09e7dad22917b3070.efs.us-east-1.amazonaws.com",
            "network_interface_id": "eni-03fbf2a234527baeb",
            "owner_id": "590183835677",
            "security_groups": [
              "sg-0fa7f7f219ddfc09c"
            ],
            "subnet_id": "subnet-030fad59adfe6be23",
            "timeouts": null
          },
          "sensitive_attributes": [],
          "private": "eyJlMmJmYjczMC1lY2FhLTExZTYtOGY4OC0zNDM2M2JjN2M0YzAiOnsiY3JlYXRlIjoxODAwMDAwMDAwMDAwLCJkZWxldGUiOjYwMDAwMDAwMDAwMH19",
          "dependencies": [
            "aws_efs_file_system.this",
            "aws_security_group.efs",
            "aws_subnet.private",
            "aws_vpc.this"
          ]
        },
        {
          "index_key": "subnet_2",
          "schema_version": 0,
          "attributes": {
            "availability_zone_id": "use1-az6",
            "availability_zone_name": "us-east-1b",
            "dns_name": "fs-09e7dad22917b3070.efs.us-east-1.amazonaws.com",
            "file_system_arn": "arn:aws:elasticfilesystem:us-east-1:590183835677:file-system/fs-09e7dad22917b3070",
            "file_system_id": "fs-09e7dad22917b3070",
            "id": "fsmt-06b16e01916a8f1cc",
            "ip_address": "192.168.3.98",
            "mount_target_dns_name": "us-east-1b.fs-09e7dad22917b3070.efs.us-east-1.amazonaws.com",
            "network_interface_id": "eni-078fbc65581572231",
            "owner_id": "590183835677",
            "security_groups": [
              "sg-0fa7f7f219ddfc09c"
            ],
            "subnet_id": "subnet-074036361f072a058",
            "timeouts": null
          },
          "sensitive_attributes": [],
          "private": "eyJlMmJmYjczMC1lY2FhLTExZTYtOGY4OC0zNDM2M2JjN2M0YzAiOnsiY3JlYXRlIjoxODAwMDAwMDAwMDAwLCJkZWxldGUiOjYwMDAwMDAwMDAwMH19",
          "dependencies": [
            "aws_efs_file_system.this",
            "aws_security_group.efs",
            "aws_subnet.private",
            "aws_vpc.this"
          ]
        }
      ]
    },
    {
      "mode": "managed",
      "type": "aws_eip",
      "name": "this",
      "provider": "provider[\"registry.terraform.io/hashicorp/aws\"]",
      "instances": [
        {
          "index_key": "subnet_1",
          "schema_version": 0,
          "attributes": {
            "address": null,
            "allocation_id": "eipalloc-0cfa1e69b2f5fadd3",
            "associate_with_private_ip": null,
            "association_id": "",
            "carrier_ip": "",
            "customer_owned_ip": "",
            "customer_owned_ipv4_pool": "",
            "domain": "vpc",
            "id": "eipalloc-0cfa1e69b2f5fadd3",
            "instance": "",
            "network_border_group": "us-east-1",
            "network_interface": "",
            "private_dns": null,
            "private_ip": "",
            "public_dns": "ec2-3-215-49-216.compute-1.amazonaws.com",
            "public_ip": "3.215.49.216",
            "public_ipv4_pool": "amazon",
            "tags": null,
            "tags_all": {},
            "timeouts": null,
            "vpc": true
          },
          "sensitive_attributes": [],
          "private": "eyJlMmJmYjczMC1lY2FhLTExZTYtOGY4OC0zNDM2M2JjN2M0YzAiOnsiZGVsZXRlIjoxODAwMDAwMDAwMDAsInJlYWQiOjkwMDAwMDAwMDAwMCwidXBkYXRlIjozMDAwMDAwMDAwMDB9fQ==",
          "dependencies": [
            "aws_subnet.private",
            "aws_vpc.this"
          ]
        },
        {
          "index_key": "subnet_2",
          "schema_version": 0,
          "attributes": {
            "address": null,
            "allocation_id": "eipalloc-01366ba527e96dff5",
            "associate_with_private_ip": null,
            "association_id": "",
            "carrier_ip": "",
            "customer_owned_ip": "",
            "customer_owned_ipv4_pool": "",
            "domain": "vpc",
            "id": "eipalloc-01366ba527e96dff5",
            "instance": "",
            "network_border_group": "us-east-1",
            "network_interface": "",
            "private_dns": null,
            "private_ip": "",
            "public_dns": "ec2-52-45-132-46.compute-1.amazonaws.com",
            "public_ip": "52.45.132.46",
            "public_ipv4_pool": "amazon",
            "tags": null,
            "tags_all": {},
            "timeouts": null,
            "vpc": true
          },
          "sensitive_attributes": [],
          "private": "eyJlMmJmYjczMC1lY2FhLTExZTYtOGY4OC0zNDM2M2JjN2M0YzAiOnsiZGVsZXRlIjoxODAwMDAwMDAwMDAsInJlYWQiOjkwMDAwMDAwMDAwMCwidXBkYXRlIjozMDAwMDAwMDAwMDB9fQ==",
          "dependencies": [
            "aws_subnet.private",
            "aws_vpc.this"
          ]
        }
      ]
    },
    {
      "mode": "managed",
      "type": "aws_iam_policy",
      "name": "ec2_access",
      "provider": "provider[\"registry.terraform.io/hashicorp/aws\"]",
      "instances": [
        {
          "schema_version": 0,
          "attributes": {
            "arn": "arn:aws:iam::590183835677:policy/ec2-access",
            "description": "",
            "id": "arn:aws:iam::590183835677:policy/ec2-access",
            "name": "ec2-access",
            "name_prefix": "",
            "path": "/",
            "policy": "{\"Statement\":[{\"Action\":[\"iam:PassRole\",\"iam:ListInstanceProfilesForRole\",\"ec2:TerminateInstances\",\"ec2:StopInstances\",\"ec2:StartInstances\",\"ec2:RunInstances\",\"ec2:RequestSpotInstances\",\"ec2:GetPasswordData\",\"ec2:GetConsoleOutput\",\"ec2:DescribeSubnets\",\"ec2:DescribeSpotInstanceRequests\",\"ec2:DescribeSecurityGroups\",\"ec2:DescribeRegions\",\"ec2:DescribeKeyPairs\",\"ec2:DescribeInstances\",\"ec2:DescribeInstanceTypes\",\"ec2:DescribeImages\",\"ec2:DescribeAvailabilityZones\",\"ec2:DeleteTags\",\"ec2:CreateTags\",\"ec2:CancelSpotInstanceRequests\"],\"Effect\":\"Allow\",\"Resource\":\"*\"}],\"Version\":\"2012-10-17\"}",
            "policy_id": "ANPAYS2NSVAOT53PVJKF6",
            "tags": null,
            "tags_all": {}
          },
          "sensitive_attributes": [],
          "private": "bnVsbA==",
          "dependencies": [
            "data.aws_iam_policy_document.ec2_access"
          ]
        }
      ]
    },
    {
      "mode": "managed",
      "type": "aws_iam_policy",
      "name": "ecs_access",
      "provider": "provider[\"registry.terraform.io/hashicorp/aws\"]",
      "instances": [
        {
          "schema_version": 0,
          "attributes": {
            "arn": "arn:aws:iam::590183835677:policy/ecs-access",
            "description": "",
            "id": "arn:aws:iam::590183835677:policy/ecs-access",
            "name": "ecs-access",
            "name_prefix": "",
            "path": "/",
            "policy": "{\"Statement\":[{\"Action\":[\"ecs:TagResource\",\"ecs:RegisterTaskDefinition\",\"ecs:ListTaskDefinitions\",\"ecs:ListTagsForResource\",\"ecs:ListClusters\",\"ecs:DescribeTaskDefinition\",\"ecs:DescribeContainerInstances\",\"ecs:DescribeClusters\",\"ecs:DeregisterTaskDefinition\"],\"Effect\":\"Allow\",\"Resource\":\"*\"},{\"Action\":\"ecs:ListContainerInstances\",\"Effect\":\"Allow\",\"Resource\":\"arn:aws:ecs:us-east-1:590183835677:cluster/serverless-jenkins-on-ecs\"},{\"Action\":[\"ecs:StopTask\",\"ecs:RunTask\",\"ecs:DescribeTasks\"],\"Condition\":{\"ArnEquals\":{\"ecs:cluster\":\"arn:aws:ecs:us-east-1:590183835677:cluster/serverless-jenkins-on-ecs\"}},\"Effect\":\"Allow\",\"Resource\":\"*\"}],\"Version\":\"2012-10-17\"}",
            "policy_id": "ANPAYS2NSVAOR7VVGS3CW",
            "tags": null,
            "tags_all": {}
          },
          "sensitive_attributes": [],
          "private": "bnVsbA==",
          "dependencies": [
            "aws_ecs_cluster.this",
            "data.aws_iam_policy_document.ecs_access"
          ]
        }
      ]
    },
    {
      "mode": "managed",
      "type": "aws_iam_policy",
      "name": "efs_access",
      "provider": "provider[\"registry.terraform.io/hashicorp/aws\"]",
      "instances": [
        {
          "schema_version": 0,
          "attributes": {
            "arn": "arn:aws:iam::590183835677:policy/efs-access",
            "description": "",
            "id": "arn:aws:iam::590183835677:policy/efs-access",
            "name": "efs-access",
            "name_prefix": "",
            "path": "/",
            "policy": "{\"Statement\":[{\"Action\":[\"elasticfilesystem:ClientWrite\",\"elasticfilesystem:ClientMount\"],\"Effect\":\"Allow\",\"Resource\":\"arn:aws:elasticfilesystem:us-east-1:590183835677:file-system/fs-09e7dad22917b3070\"}],\"Version\":\"2012-10-17\"}",
            "policy_id": "ANPAYS2NSVAOTQKUIGLTY",
            "tags": null,
            "tags_all": {}
          },
          "sensitive_attributes": [],
          "private": "bnVsbA==",
          "dependencies": [
            "aws_efs_file_system.this",
            "data.aws_iam_policy_document.efs_access"
          ]
        }
      ]
    },
    {
      "mode": "managed",
      "type": "aws_iam_policy",
      "name": "iam_access",
      "provider": "provider[\"registry.terraform.io/hashicorp/aws\"]",
      "instances": [
        {
          "schema_version": 0,
          "attributes": {
            "arn": "arn:aws:iam::590183835677:policy/iam-access",
            "description": "",
            "id": "arn:aws:iam::590183835677:policy/iam-access",
            "name": "iam-access",
            "name_prefix": "",
            "path": "/",
            "policy": "{\"Statement\":[{\"Action\":[\"iam:PassRole\",\"iam:GetRole\"],\"Effect\":\"Allow\",\"Resource\":[\"arn:aws:iam::590183835677:role/ecs-execution\",\"arn:aws:iam::590183835677:role/ecs-agent\"]}],\"Version\":\"2012-10-17\"}",
            "policy_id": "ANPAYS2NSVAOZ5ENC35OH",
            "tags": null,
            "tags_all": {}
          },
          "sensitive_attributes": [],
          "private": "bnVsbA==",
          "dependencies": [
            "aws_iam_role.agent",
            "aws_iam_role.execution",
            "data.aws_iam_policy_document.iam_access"
          ]
        }
      ]
    },
    {
      "mode": "managed",
      "type": "aws_iam_role",
      "name": "agent",
      "provider": "provider[\"registry.terraform.io/hashicorp/aws\"]",
      "instances": [
        {
          "schema_version": 0,
          "attributes": {
            "arn": "arn:aws:iam::590183835677:role/ecs-agent",
            "assume_role_policy": "{\"Statement\":[{\"Action\":\"sts:AssumeRole\",\"Effect\":\"Allow\",\"Principal\":{\"Service\":\"ecs-tasks.amazonaws.com\"}}],\"Version\":\"2012-10-17\"}",
            "create_date": "2024-04-04T17:59:04Z",
            "description": "",
            "force_detach_policies": false,
            "id": "ecs-agent",
            "inline_policy": [],
            "managed_policy_arns": [],
            "max_session_duration": 3600,
            "name": "ecs-agent",
            "name_prefix": "",
            "path": "/",
            "permissions_boundary": "",
            "tags": null,
            "tags_all": {},
            "unique_id": "AROAYS2NSVAOYAP7CZ362"
          },
          "sensitive_attributes": [],
          "private": "bnVsbA=="
        }
      ]
    },
    {
      "mode": "managed",
      "type": "aws_iam_role",
      "name": "execution",
      "provider": "provider[\"registry.terraform.io/hashicorp/aws\"]",
      "instances": [
        {
          "schema_version": 0,
          "attributes": {
            "arn": "arn:aws:iam::590183835677:role/ecs-execution",
            "assume_role_policy": "{\"Statement\":[{\"Action\":\"sts:AssumeRole\",\"Effect\":\"Allow\",\"Principal\":{\"Service\":\"ecs-tasks.amazonaws.com\"}}],\"Version\":\"2012-10-17\"}",
            "create_date": "2024-04-04T17:59:04Z",
            "description": "",
            "force_detach_policies": false,
            "id": "ecs-execution",
            "inline_policy": [],
            "managed_policy_arns": [],
            "max_session_duration": 3600,
            "name": "ecs-execution",
            "name_prefix": "",
            "path": "/",
            "permissions_boundary": "",
            "tags": null,
            "tags_all": {},
            "unique_id": "AROAYS2NSVAO3SUTTWDCN"
          },
          "sensitive_attributes": [],
          "private": "bnVsbA=="
        }
      ]
    },
    {
      "mode": "managed",
      "type": "aws_iam_role",
      "name": "task",
      "provider": "provider[\"registry.terraform.io/hashicorp/aws\"]",
      "instances": [
        {
          "schema_version": 0,
          "attributes": {
            "arn": "arn:aws:iam::590183835677:role/ecs-task",
            "assume_role_policy": "{\"Statement\":[{\"Action\":\"sts:AssumeRole\",\"Effect\":\"Allow\",\"Principal\":{\"Service\":\"ecs-tasks.amazonaws.com\"}}],\"Version\":\"2012-10-17\"}",
            "create_date": "2024-04-04T17:59:04Z",
            "description": "",
            "force_detach_policies": false,
            "id": "ecs-task",
            "inline_policy": [],
            "managed_policy_arns": [],
            "max_session_duration": 3600,
            "name": "ecs-task",
            "name_prefix": "",
            "path": "/",
            "permissions_boundary": "",
            "tags": null,
            "tags_all": {},
            "unique_id": "AROAYS2NSVAO4WYF4LZP5"
          },
          "sensitive_attributes": [],
          "private": "bnVsbA=="
        }
      ]
    },
    {
      "mode": "managed",
      "type": "aws_iam_role_policy_attachment",
      "name": "admin_access",
      "provider": "provider[\"registry.terraform.io/hashicorp/aws\"]",
      "instances": [
        {
          "schema_version": 0,
          "attributes": {
            "id": "ecs-agent-20240404175906023200000002",
            "policy_arn": "arn:aws:iam::aws:policy/AdministratorAccess",
            "role": "ecs-agent"
          },
          "sensitive_attributes": [],
          "private": "bnVsbA==",
          "dependencies": [
            "aws_iam_role.agent"
          ]
        }
      ]
    },
    {
      "mode": "managed",
      "type": "aws_iam_role_policy_attachment",
      "name": "basic_execution_role",
      "provider": "provider[\"registry.terraform.io/hashicorp/aws\"]",
      "instances": [
        {
          "schema_version": 0,
          "attributes": {
            "id": "ecs-execution-20240404175905911700000001",
            "policy_arn": "arn:aws:iam::aws:policy/service-role/AmazonECSTaskExecutionRolePolicy",
            "role": "ecs-execution"
          },
          "sensitive_attributes": [],
          "private": "bnVsbA==",
          "dependencies": [
            "aws_iam_role.execution"
          ]
        }
      ]
    },
    {
      "mode": "managed",
      "type": "aws_iam_role_policy_attachment",
      "name": "ec2_access",
      "provider": "provider[\"registry.terraform.io/hashicorp/aws\"]",
      "instances": [
        {
          "schema_version": 0,
          "attributes": {
            "id": "ecs-task-20240404175906088800000003",
            "policy_arn": "arn:aws:iam::590183835677:policy/ec2-access",
            "role": "ecs-task"
          },
          "sensitive_attributes": [],
          "private": "bnVsbA==",
          "dependencies": [
            "aws_iam_policy.ec2_access",
            "aws_iam_role.task",
            "data.aws_iam_policy_document.ec2_access"
          ]
        }
      ]
    },
    {
      "mode": "managed",
      "type": "aws_iam_role_policy_attachment",
      "name": "ecs_access",
      "provider": "provider[\"registry.terraform.io/hashicorp/aws\"]",
      "instances": [
        {
          "schema_version": 0,
          "attributes": {
            "id": "ecs-task-20240404175917587200000006",
            "policy_arn": "arn:aws:iam::590183835677:policy/ecs-access",
            "role": "ecs-task"
          },
          "sensitive_attributes": [],
          "private": "bnVsbA==",
          "dependencies": [
            "aws_ecs_cluster.this",
            "aws_iam_policy.ecs_access",
            "aws_iam_role.task",
            "data.aws_iam_policy_document.ecs_access"
          ]
        }
      ]
    },
    {
      "mode": "managed",
      "type": "aws_iam_role_policy_attachment",
      "name": "efs_access",
      "provider": "provider[\"registry.terraform.io/hashicorp/aws\"]",
      "instances": [
        {
          "schema_version": 0,
          "attributes": {
            "id": "ecs-task-20240404175912738600000005",
            "policy_arn": "arn:aws:iam::590183835677:policy/efs-access",
            "role": "ecs-task"
          },
          "sensitive_attributes": [],
          "private": "bnVsbA==",
          "dependencies": [
            "aws_efs_file_system.this",
            "aws_iam_policy.efs_access",
            "aws_iam_role.task",
            "data.aws_iam_policy_document.efs_access"
          ]
        }
      ]
    },
    {
      "mode": "managed",
      "type": "aws_iam_role_policy_attachment",
      "name": "iam_access",
      "provider": "provider[\"registry.terraform.io/hashicorp/aws\"]",
      "instances": [
        {
          "schema_version": 0,
          "attributes": {
            "id": "ecs-task-20240404175907072000000004",
            "policy_arn": "arn:aws:iam::590183835677:policy/iam-access",
            "role": "ecs-task"
          },
          "sensitive_attributes": [],
          "private": "bnVsbA==",
          "dependencies": [
            "aws_iam_policy.iam_access",
            "aws_iam_role.agent",
            "aws_iam_role.execution",
            "aws_iam_role.task",
            "data.aws_iam_policy_document.iam_access"
          ]
        }
      ]
    },
    {
      "mode": "managed",
      "type": "aws_internet_gateway",
      "name": "this",
      "provider": "provider[\"registry.terraform.io/hashicorp/aws\"]",
      "instances": [
        {
          "schema_version": 0,
          "attributes": {
            "arn": "arn:aws:ec2:us-east-1:590183835677:internet-gateway/igw-02a15a7a87bef228a",
            "id": "igw-02a15a7a87bef228a",
            "owner_id": "590183835677",
            "tags": null,
            "tags_all": {},
            "timeouts": null,
            "vpc_id": "vpc-0a094930dc224073c"
          },
          "sensitive_attributes": [],
          "private": "eyJlMmJmYjczMC1lY2FhLTExZTYtOGY4OC0zNDM2M2JjN2M0YzAiOnsiY3JlYXRlIjoxMjAwMDAwMDAwMDAwLCJkZWxldGUiOjEyMDAwMDAwMDAwMDAsInVwZGF0ZSI6MTIwMDAwMDAwMDAwMH19",
          "dependencies": [
            "aws_vpc.this"
          ]
        }
      ]
    },
    {
      "mode": "managed",
      "type": "aws_lb",
      "name": "this",
      "provider": "provider[\"registry.terraform.io/hashicorp/aws\"]",
      "instances": [
        {
          "schema_version": 0,
          "attributes": {
            "access_logs": [
              {
                "bucket": "",
                "enabled": false,
                "prefix": ""
              }
            ],
            "arn": "arn:aws:elasticloadbalancing:us-east-1:590183835677:loadbalancer/app/serverless-jenkins-on-ecs/323a174ef1d53e27",
            "arn_suffix": "app/serverless-jenkins-on-ecs/323a174ef1d53e27",
            "connection_logs": [
              {
                "bucket": "",
                "enabled": false,
                "prefix": ""
              }
            ],
            "customer_owned_ipv4_pool": "",
            "desync_mitigation_mode": "defensive",
            "dns_name": "serverless-jenkins-on-ecs-1054555025.us-east-1.elb.amazonaws.com",
            "dns_record_client_routing_policy": null,
            "drop_invalid_header_fields": false,
            "enable_cross_zone_load_balancing": true,
            "enable_deletion_protection": false,
            "enable_http2": true,
            "enable_tls_version_and_cipher_suite_headers": false,
            "enable_waf_fail_open": false,
            "enable_xff_client_port": false,
            "enforce_security_group_inbound_rules_on_private_link_traffic": "",
            "id": "arn:aws:elasticloadbalancing:us-east-1:590183835677:loadbalancer/app/serverless-jenkins-on-ecs/323a174ef1d53e27",
            "idle_timeout": 60,
            "internal": false,
            "ip_address_type": "ipv4",
            "load_balancer_type": "application",
            "name": "serverless-jenkins-on-ecs",
            "name_prefix": "",
            "preserve_host_header": false,
            "security_groups": [
              "sg-04af25f3210251069"
            ],
            "subnet_mapping": [
              {
                "allocation_id": "",
                "ipv6_address": "",
                "outpost_id": "",
                "private_ipv4_address": "",
                "subnet_id": "subnet-09ee4b39a9d6c59d1"
              },
              {
                "allocation_id": "",
                "ipv6_address": "",
                "outpost_id": "",
                "private_ipv4_address": "",
                "subnet_id": "subnet-0e5e2caba2d0cbabc"
              }
            ],
            "subnets": [
              "subnet-09ee4b39a9d6c59d1",
              "subnet-0e5e2caba2d0cbabc"
            ],
            "tags": null,
            "tags_all": {},
            "timeouts": null,
            "vpc_id": "vpc-0a094930dc224073c",
            "xff_header_processing_mode": "append",
            "zone_id": "Z35SXDOTRQ7X7K"
          },
          "sensitive_attributes": [],
          "private": "eyJlMmJmYjczMC1lY2FhLTExZTYtOGY4OC0zNDM2M2JjN2M0YzAiOnsiY3JlYXRlIjo2MDAwMDAwMDAwMDAsImRlbGV0ZSI6NjAwMDAwMDAwMDAwLCJ1cGRhdGUiOjYwMDAwMDAwMDAwMH19",
          "dependencies": [
            "aws_security_group.alb",
            "aws_subnet.public",
            "aws_vpc.this"
          ]
        }
      ]
    },
    {
      "mode": "managed",
      "type": "aws_lb_listener",
      "name": "this",
      "provider": "provider[\"registry.terraform.io/hashicorp/aws\"]",
      "instances": [
        {
          "schema_version": 0,
          "attributes": {
            "alpn_policy": null,
            "arn": "arn:aws:elasticloadbalancing:us-east-1:590183835677:listener/app/serverless-jenkins-on-ecs/323a174ef1d53e27/3d177424d47f3448",
            "certificate_arn": null,
            "default_action": [
              {
                "authenticate_cognito": [],
                "authenticate_oidc": [],
                "fixed_response": [],
                "forward": [],
                "order": 1,
                "redirect": [],
                "target_group_arn": "arn:aws:elasticloadbalancing:us-east-1:590183835677:targetgroup/serverless-jenkins-on-ecs/0e3a83f035bef9ab",
                "type": "forward"
              }
            ],
            "id": "arn:aws:elasticloadbalancing:us-east-1:590183835677:listener/app/serverless-jenkins-on-ecs/323a174ef1d53e27/3d177424d47f3448",
            "load_balancer_arn": "arn:aws:elasticloadbalancing:us-east-1:590183835677:loadbalancer/app/serverless-jenkins-on-ecs/323a174ef1d53e27",
            "mutual_authentication": [],
            "port": 80,
            "protocol": "HTTP",
            "ssl_policy": "",
            "tags": null,
            "tags_all": {},
            "timeouts": null
          },
          "sensitive_attributes": [],
          "private": "eyJlMmJmYjczMC1lY2FhLTExZTYtOGY4OC0zNDM2M2JjN2M0YzAiOnsiY3JlYXRlIjozMDAwMDAwMDAwMDAsInVwZGF0ZSI6MzAwMDAwMDAwMDAwfX0=",
          "dependencies": [
            "aws_lb.this",
            "aws_lb_target_group.this",
            "aws_security_group.alb",
            "aws_subnet.public",
            "aws_vpc.this"
          ]
        }
      ]
    },
    {
      "mode": "managed",
      "type": "aws_lb_target_group",
      "name": "this",
      "provider": "provider[\"registry.terraform.io/hashicorp/aws\"]",
      "instances": [
        {
          "schema_version": 0,
          "attributes": {
            "arn": "arn:aws:elasticloadbalancing:us-east-1:590183835677:targetgroup/serverless-jenkins-on-ecs/0e3a83f035bef9ab",
            "arn_suffix": "targetgroup/serverless-jenkins-on-ecs/0e3a83f035bef9ab",
            "connection_termination": null,
            "deregistration_delay": "300",
            "health_check": [
              {
                "enabled": true,
                "healthy_threshold": 3,
                "interval": 30,
                "matcher": "200",
                "path": "/login",
                "port": "traffic-port",
                "protocol": "HTTP",
                "timeout": 5,
                "unhealthy_threshold": 3
              }
            ],
            "id": "arn:aws:elasticloadbalancing:us-east-1:590183835677:targetgroup/serverless-jenkins-on-ecs/0e3a83f035bef9ab",
            "ip_address_type": "ipv4",
            "lambda_multi_value_headers_enabled": false,
            "load_balancer_arns": [],
            "load_balancing_algorithm_type": "round_robin",
            "load_balancing_anomaly_mitigation": "off",
            "load_balancing_cross_zone_enabled": "use_load_balancer_configuration",
            "name": "serverless-jenkins-on-ecs",
            "name_prefix": "",
            "port": 8080,
            "preserve_client_ip": null,
            "protocol": "HTTP",
            "protocol_version": "HTTP1",
            "proxy_protocol_v2": false,
            "slow_start": 0,
            "stickiness": [
              {
                "cookie_duration": 86400,
                "cookie_name": "",
                "enabled": false,
                "type": "lb_cookie"
              }
            ],
            "tags": null,
            "tags_all": {},
            "target_failover": [
              {
                "on_deregistration": null,
                "on_unhealthy": null
              }
            ],
            "target_health_state": [
              {
                "enable_unhealthy_connection_termination": null
              }
            ],
            "target_type": "ip",
            "vpc_id": "vpc-0a094930dc224073c"
          },
          "sensitive_attributes": [],
          "private": "bnVsbA==",
          "dependencies": [
            "aws_vpc.this"
          ]
        }
      ]
    },
    {
      "mode": "managed",
      "type": "aws_nat_gateway",
      "name": "this",
      "provider": "provider[\"registry.terraform.io/hashicorp/aws\"]",
      "instances": [
        {
          "index_key": "subnet_1",
          "schema_version": 0,
          "attributes": {
            "allocation_id": "eipalloc-0cfa1e69b2f5fadd3",
            "association_id": "eipassoc-0efdff8fbb34db239",
            "connectivity_type": "public",
            "id": "nat-0d6ef42a679d18c31",
            "network_interface_id": "eni-0cfac0ae8c4e88019",
            "private_ip": "192.168.0.64",
            "public_ip": "3.215.49.216",
            "secondary_allocation_ids": null,
            "secondary_private_ip_address_count": 0,
            "secondary_private_ip_addresses": [],
            "subnet_id": "subnet-0e5e2caba2d0cbabc",
            "tags": {
              "Name": "private-serverless-jenkins-on-ecs-us-east-1a"
            },
            "tags_all": {
              "Name": "private-serverless-jenkins-on-ecs-us-east-1a"
            },
            "timeouts": null
          },
          "sensitive_attributes": [],
          "private": "eyJlMmJmYjczMC1lY2FhLTExZTYtOGY4OC0zNDM2M2JjN2M0YzAiOnsiY3JlYXRlIjo2MDAwMDAwMDAwMDAsImRlbGV0ZSI6MTgwMDAwMDAwMDAwMCwidXBkYXRlIjo2MDAwMDAwMDAwMDB9fQ==",
          "dependencies": [
            "aws_eip.this",
            "aws_subnet.private",
            "aws_subnet.public",
            "aws_vpc.this"
          ]
        },
        {
          "index_key": "subnet_2",
          "schema_version": 0,
          "attributes": {
            "allocation_id": "eipalloc-01366ba527e96dff5",
            "association_id": "eipassoc-0ade75f83b251392d",
            "connectivity_type": "public",
            "id": "nat-055ab78c9b36fb562",
            "network_interface_id": "eni-06916910d7bf2dd07",
            "private_ip": "192.168.1.246",
            "public_ip": "52.45.132.46",
            "secondary_allocation_ids": null,
            "secondary_private_ip_address_count": 0,
            "secondary_private_ip_addresses": [],
            "subnet_id": "subnet-09ee4b39a9d6c59d1",
            "tags": {
              "Name": "private-serverless-jenkins-on-ecs-us-east-1b"
            },
            "tags_all": {
              "Name": "private-serverless-jenkins-on-ecs-us-east-1b"
            },
            "timeouts": null
          },
          "sensitive_attributes": [],
          "private": "eyJlMmJmYjczMC1lY2FhLTExZTYtOGY4OC0zNDM2M2JjN2M0YzAiOnsiY3JlYXRlIjo2MDAwMDAwMDAwMDAsImRlbGV0ZSI6MTgwMDAwMDAwMDAwMCwidXBkYXRlIjo2MDAwMDAwMDAwMDB9fQ==",
          "dependencies": [
            "aws_eip.this",
            "aws_subnet.private",
            "aws_subnet.public",
            "aws_vpc.this"
          ]
        }
      ]
    },
    {
      "mode": "managed",
      "type": "aws_route",
      "name": "private",
      "provider": "provider[\"registry.terraform.io/hashicorp/aws\"]",
      "instances": [
        {
          "index_key": "subnet_1",
          "schema_version": 0,
          "attributes": {
            "carrier_gateway_id": "",
            "core_network_arn": "",
            "destination_cidr_block": "0.0.0.0/0",
            "destination_ipv6_cidr_block": "",
            "destination_prefix_list_id": "",
            "egress_only_gateway_id": "",
            "gateway_id": "",
            "id": "r-rtb-0f7e345c16d45a4da1080289494",
            "instance_id": "",
            "instance_owner_id": "",
            "local_gateway_id": "",
            "nat_gateway_id": "nat-0d6ef42a679d18c31",
            "network_interface_id": "",
            "origin": "CreateRoute",
            "route_table_id": "rtb-0f7e345c16d45a4da",
            "state": "active",
            "timeouts": null,
            "transit_gateway_id": "",
            "vpc_endpoint_id": "",
            "vpc_peering_connection_id": ""
          },
          "sensitive_attributes": [],
          "private": "eyJlMmJmYjczMC1lY2FhLTExZTYtOGY4OC0zNDM2M2JjN2M0YzAiOnsiY3JlYXRlIjozMDAwMDAwMDAwMDAsImRlbGV0ZSI6MzAwMDAwMDAwMDAwLCJ1cGRhdGUiOjEyMDAwMDAwMDAwMH19",
          "dependencies": [
            "aws_eip.this",
            "aws_nat_gateway.this",
            "aws_route_table.private",
            "aws_subnet.private",
            "aws_subnet.public",
            "aws_vpc.this"
          ]
        },
        {
          "index_key": "subnet_2",
          "schema_version": 0,
          "attributes": {
            "carrier_gateway_id": "",
            "core_network_arn": "",
            "destination_cidr_block": "0.0.0.0/0",
            "destination_ipv6_cidr_block": "",
            "destination_prefix_list_id": "",
            "egress_only_gateway_id": "",
            "gateway_id": "",
            "id": "r-rtb-0cdd76fe84693781e1080289494",
            "instance_id": "",
            "instance_owner_id": "",
            "local_gateway_id": "",
            "nat_gateway_id": "nat-055ab78c9b36fb562",
            "network_interface_id": "",
            "origin": "CreateRoute",
            "route_table_id": "rtb-0cdd76fe84693781e",
            "state": "active",
            "timeouts": null,
            "transit_gateway_id": "",
            "vpc_endpoint_id": "",
            "vpc_peering_connection_id": ""
          },
          "sensitive_attributes": [],
          "private": "eyJlMmJmYjczMC1lY2FhLTExZTYtOGY4OC0zNDM2M2JjN2M0YzAiOnsiY3JlYXRlIjozMDAwMDAwMDAwMDAsImRlbGV0ZSI6MzAwMDAwMDAwMDAwLCJ1cGRhdGUiOjEyMDAwMDAwMDAwMH19",
          "dependencies": [
            "aws_eip.this",
            "aws_nat_gateway.this",
            "aws_route_table.private",
            "aws_subnet.private",
            "aws_subnet.public",
            "aws_vpc.this"
          ]
        }
      ]
    },
    {
      "mode": "managed",
      "type": "aws_route",
      "name": "public",
      "provider": "provider[\"registry.terraform.io/hashicorp/aws\"]",
      "instances": [
        {
          "schema_version": 0,
          "attributes": {
            "carrier_gateway_id": "",
            "core_network_arn": "",
            "destination_cidr_block": "0.0.0.0/0",
            "destination_ipv6_cidr_block": "",
            "destination_prefix_list_id": "",
            "egress_only_gateway_id": "",
            "gateway_id": "igw-02a15a7a87bef228a",
            "id": "r-rtb-09ccb07e2e16d561d1080289494",
            "instance_id": "",
            "instance_owner_id": "",
            "local_gateway_id": "",
            "nat_gateway_id": "",
            "network_interface_id": "",
            "origin": "CreateRoute",
            "route_table_id": "rtb-09ccb07e2e16d561d",
            "state": "active",
            "timeouts": null,
            "transit_gateway_id": "",
            "vpc_endpoint_id": "",
            "vpc_peering_connection_id": ""
          },
          "sensitive_attributes": [],
          "private": "eyJlMmJmYjczMC1lY2FhLTExZTYtOGY4OC0zNDM2M2JjN2M0YzAiOnsiY3JlYXRlIjozMDAwMDAwMDAwMDAsImRlbGV0ZSI6MzAwMDAwMDAwMDAwLCJ1cGRhdGUiOjEyMDAwMDAwMDAwMH19",
          "dependencies": [
            "aws_internet_gateway.this",
            "aws_route_table.public",
            "aws_vpc.this"
          ]
        }
      ]
    },
    {
      "mode": "managed",
      "type": "aws_route_table",
      "name": "private",
      "provider": "provider[\"registry.terraform.io/hashicorp/aws\"]",
      "instances": [
        {
          "index_key": "subnet_1",
          "schema_version": 0,
          "attributes": {
            "arn": "arn:aws:ec2:us-east-1:590183835677:route-table/rtb-0f7e345c16d45a4da",
            "id": "rtb-0f7e345c16d45a4da",
            "owner_id": "590183835677",
            "propagating_vgws": [],
            "route": [],
            "tags": {
              "Name": "private-serverless-jenkins-on-ecs-us-east-1a"
            },
            "tags_all": {
              "Name": "private-serverless-jenkins-on-ecs-us-east-1a"
            },
            "timeouts": null,
            "vpc_id": "vpc-0a094930dc224073c"
          },
          "sensitive_attributes": [],
          "private": "eyJlMmJmYjczMC1lY2FhLTExZTYtOGY4OC0zNDM2M2JjN2M0YzAiOnsiY3JlYXRlIjozMDAwMDAwMDAwMDAsImRlbGV0ZSI6MzAwMDAwMDAwMDAwLCJ1cGRhdGUiOjEyMDAwMDAwMDAwMH19",
          "dependencies": [
            "aws_subnet.private",
            "aws_vpc.this"
          ]
        },
        {
          "index_key": "subnet_2",
          "schema_version": 0,
          "attributes": {
            "arn": "arn:aws:ec2:us-east-1:590183835677:route-table/rtb-0cdd76fe84693781e",
            "id": "rtb-0cdd76fe84693781e",
            "owner_id": "590183835677",
            "propagating_vgws": [],
            "route": [],
            "tags": {
              "Name": "private-serverless-jenkins-on-ecs-us-east-1b"
            },
            "tags_all": {
              "Name": "private-serverless-jenkins-on-ecs-us-east-1b"
            },
            "timeouts": null,
            "vpc_id": "vpc-0a094930dc224073c"
          },
          "sensitive_attributes": [],
          "private": "eyJlMmJmYjczMC1lY2FhLTExZTYtOGY4OC0zNDM2M2JjN2M0YzAiOnsiY3JlYXRlIjozMDAwMDAwMDAwMDAsImRlbGV0ZSI6MzAwMDAwMDAwMDAwLCJ1cGRhdGUiOjEyMDAwMDAwMDAwMH19",
          "dependencies": [
            "aws_subnet.private",
            "aws_vpc.this"
          ]
        }
      ]
    },
    {
      "mode": "managed",
      "type": "aws_route_table",
      "name": "public",
      "provider": "provider[\"registry.terraform.io/hashicorp/aws\"]",
      "instances": [
        {
          "schema_version": 0,
          "attributes": {
            "arn": "arn:aws:ec2:us-east-1:590183835677:route-table/rtb-09ccb07e2e16d561d",
            "id": "rtb-09ccb07e2e16d561d",
            "owner_id": "590183835677",
            "propagating_vgws": [],
            "route": [],
            "tags": {
              "Name": "public"
            },
            "tags_all": {
              "Name": "public"
            },
            "timeouts": null,
            "vpc_id": "vpc-0a094930dc224073c"
          },
          "sensitive_attributes": [],
          "private": "eyJlMmJmYjczMC1lY2FhLTExZTYtOGY4OC0zNDM2M2JjN2M0YzAiOnsiY3JlYXRlIjozMDAwMDAwMDAwMDAsImRlbGV0ZSI6MzAwMDAwMDAwMDAwLCJ1cGRhdGUiOjEyMDAwMDAwMDAwMH19",
          "dependencies": [
            "aws_vpc.this"
          ]
        }
      ]
    },
    {
      "mode": "managed",
      "type": "aws_route_table_association",
      "name": "private",
      "provider": "provider[\"registry.terraform.io/hashicorp/aws\"]",
      "instances": [
        {
          "index_key": "subnet_1",
          "schema_version": 0,
          "attributes": {
            "gateway_id": "",
            "id": "rtbassoc-0e66ab9880d9b8b2a",
            "route_table_id": "rtb-0f7e345c16d45a4da",
            "subnet_id": "subnet-030fad59adfe6be23",
            "timeouts": null
          },
          "sensitive_attributes": [],
          "private": "eyJlMmJmYjczMC1lY2FhLTExZTYtOGY4OC0zNDM2M2JjN2M0YzAiOnsiY3JlYXRlIjozMDAwMDAwMDAwMDAsImRlbGV0ZSI6MzAwMDAwMDAwMDAwLCJ1cGRhdGUiOjEyMDAwMDAwMDAwMH19",
          "dependencies": [
            "aws_route_table.private",
            "aws_subnet.private",
            "aws_vpc.this"
          ]
        },
        {
          "index_key": "subnet_2",
          "schema_version": 0,
          "attributes": {
            "gateway_id": "",
            "id": "rtbassoc-052b7fb9182b8b415",
            "route_table_id": "rtb-0cdd76fe84693781e",
            "subnet_id": "subnet-074036361f072a058",
            "timeouts": null
          },
          "sensitive_attributes": [],
          "private": "eyJlMmJmYjczMC1lY2FhLTExZTYtOGY4OC0zNDM2M2JjN2M0YzAiOnsiY3JlYXRlIjozMDAwMDAwMDAwMDAsImRlbGV0ZSI6MzAwMDAwMDAwMDAwLCJ1cGRhdGUiOjEyMDAwMDAwMDAwMH19",
          "dependencies": [
            "aws_route_table.private",
            "aws_subnet.private",
            "aws_vpc.this"
          ]
        }
      ]
    },
    {
      "mode": "managed",
      "type": "aws_route_table_association",
      "name": "public",
      "provider": "provider[\"registry.terraform.io/hashicorp/aws\"]",
      "instances": [
        {
          "index_key": "subnet_1",
          "schema_version": 0,
          "attributes": {
            "gateway_id": "",
            "id": "rtbassoc-0014a1995819923d6",
            "route_table_id": "rtb-09ccb07e2e16d561d",
            "subnet_id": "subnet-0e5e2caba2d0cbabc",
            "timeouts": null
          },
          "sensitive_attributes": [],
          "private": "eyJlMmJmYjczMC1lY2FhLTExZTYtOGY4OC0zNDM2M2JjN2M0YzAiOnsiY3JlYXRlIjozMDAwMDAwMDAwMDAsImRlbGV0ZSI6MzAwMDAwMDAwMDAwLCJ1cGRhdGUiOjEyMDAwMDAwMDAwMH19",
          "dependencies": [
            "aws_route_table.public",
            "aws_subnet.public",
            "aws_vpc.this"
          ]
        },
        {
          "index_key": "subnet_2",
          "schema_version": 0,
          "attributes": {
            "gateway_id": "",
            "id": "rtbassoc-033e63d179bc256a9",
            "route_table_id": "rtb-09ccb07e2e16d561d",
            "subnet_id": "subnet-09ee4b39a9d6c59d1",
            "timeouts": null
          },
          "sensitive_attributes": [],
          "private": "eyJlMmJmYjczMC1lY2FhLTExZTYtOGY4OC0zNDM2M2JjN2M0YzAiOnsiY3JlYXRlIjozMDAwMDAwMDAwMDAsImRlbGV0ZSI6MzAwMDAwMDAwMDAwLCJ1cGRhdGUiOjEyMDAwMDAwMDAwMH19",
          "dependencies": [
            "aws_route_table.public",
            "aws_subnet.public",
            "aws_vpc.this"
          ]
        }
      ]
    },
    {
      "mode": "managed",
      "type": "aws_security_group",
      "name": "alb",
      "provider": "provider[\"registry.terraform.io/hashicorp/aws\"]",
      "instances": [
        {
          "schema_version": 1,
          "attributes": {
            "arn": "arn:aws:ec2:us-east-1:590183835677:security-group/sg-04af25f3210251069",
            "description": "Managed by Terraform",
            "egress": [],
            "id": "sg-04af25f3210251069",
            "ingress": [],
            "name": "alb",
            "name_prefix": "",
            "owner_id": "590183835677",
            "revoke_rules_on_delete": false,
            "tags": null,
            "tags_all": {},
            "timeouts": null,
            "vpc_id": "vpc-0a094930dc224073c"
          },
          "sensitive_attributes": [],
          "private": "eyJlMmJmYjczMC1lY2FhLTExZTYtOGY4OC0zNDM2M2JjN2M0YzAiOnsiY3JlYXRlIjo2MDAwMDAwMDAwMDAsImRlbGV0ZSI6OTAwMDAwMDAwMDAwfSwic2NoZW1hX3ZlcnNpb24iOiIxIn0=",
          "dependencies": [
            "aws_vpc.this"
          ]
        }
      ]
    },
    {
      "mode": "managed",
      "type": "aws_security_group",
      "name": "allow_ssh",
      "provider": "provider[\"registry.terraform.io/hashicorp/aws\"]",
      "instances": [
        {
          "schema_version": 1,
          "attributes": {
            "arn": "arn:aws:ec2:us-east-1:590183835677:security-group/sg-087e191dbe812a2cf",
            "description": "Allow SSH traffic from jenkins controller",
            "egress": [
              {
                "cidr_blocks": [
                  "0.0.0.0/0"
                ],
                "description": "",
                "from_port": 0,
                "ipv6_cidr_blocks": [
                  "::/0"
                ],
                "prefix_list_ids": [],
                "protocol": "-1",
                "security_groups": [],
                "self": false,
                "to_port": 0
              }
            ],
            "id": "sg-087e191dbe812a2cf",
            "ingress": [],
            "name": "allow_tls",
            "name_prefix": "",
            "owner_id": "590183835677",
            "revoke_rules_on_delete": false,
            "tags": {
              "Name": "allow_tls"
            },
            "tags_all": {
              "Name": "allow_tls"
            },
            "timeouts": null,
            "vpc_id": "vpc-0a094930dc224073c"
          },
          "sensitive_attributes": [],
          "private": "eyJlMmJmYjczMC1lY2FhLTExZTYtOGY4OC0zNDM2M2JjN2M0YzAiOnsiY3JlYXRlIjo2MDAwMDAwMDAwMDAsImRlbGV0ZSI6OTAwMDAwMDAwMDAwfSwic2NoZW1hX3ZlcnNpb24iOiIxIn0=",
          "dependencies": [
            "aws_vpc.this"
          ]
        }
      ]
    },
    {
      "mode": "managed",
      "type": "aws_security_group",
      "name": "ecs_jenkins_agent",
      "provider": "provider[\"registry.terraform.io/hashicorp/aws\"]",
      "instances": [
        {
          "schema_version": 1,
          "attributes": {
            "arn": "arn:aws:ec2:us-east-1:590183835677:security-group/sg-0313ec850d9c8b0bb",
            "description": "Managed by Terraform",
            "egress": [],
            "id": "sg-0313ec850d9c8b0bb",
            "ingress": [],
            "name": "ecs-jenkins-agents",
            "name_prefix": "",
            "owner_id": "590183835677",
            "revoke_rules_on_delete": false,
            "tags": null,
            "tags_all": {},
            "timeouts": null,
            "vpc_id": "vpc-0a094930dc224073c"
          },
          "sensitive_attributes": [],
          "private": "eyJlMmJmYjczMC1lY2FhLTExZTYtOGY4OC0zNDM2M2JjN2M0YzAiOnsiY3JlYXRlIjo2MDAwMDAwMDAwMDAsImRlbGV0ZSI6OTAwMDAwMDAwMDAwfSwic2NoZW1hX3ZlcnNpb24iOiIxIn0=",
          "dependencies": [
            "aws_vpc.this"
          ]
        }
      ]
    },
    {
      "mode": "managed",
      "type": "aws_security_group",
      "name": "ecs_service",
      "provider": "provider[\"registry.terraform.io/hashicorp/aws\"]",
      "instances": [
        {
          "schema_version": 1,
          "attributes": {
            "arn": "arn:aws:ec2:us-east-1:590183835677:security-group/sg-0b15fcf7eb4245bdf",
            "description": "Managed by Terraform",
            "egress": [],
            "id": "sg-0b15fcf7eb4245bdf",
            "ingress": [],
            "name": "ecs-jenkins-controller",
            "name_prefix": "",
            "owner_id": "590183835677",
            "revoke_rules_on_delete": false,
            "tags": null,
            "tags_all": {},
            "timeouts": null,
            "vpc_id": "vpc-0a094930dc224073c"
          },
          "sensitive_attributes": [],
          "private": "eyJlMmJmYjczMC1lY2FhLTExZTYtOGY4OC0zNDM2M2JjN2M0YzAiOnsiY3JlYXRlIjo2MDAwMDAwMDAwMDAsImRlbGV0ZSI6OTAwMDAwMDAwMDAwfSwic2NoZW1hX3ZlcnNpb24iOiIxIn0=",
          "dependencies": [
            "aws_vpc.this"
          ]
        }
      ]
    },
    {
      "mode": "managed",
      "type": "aws_security_group",
      "name": "efs",
      "provider": "provider[\"registry.terraform.io/hashicorp/aws\"]",
      "instances": [
        {
          "schema_version": 1,
          "attributes": {
            "arn": "arn:aws:ec2:us-east-1:590183835677:security-group/sg-0fa7f7f219ddfc09c",
            "description": "Managed by Terraform",
            "egress": [],
            "id": "sg-0fa7f7f219ddfc09c",
            "ingress": [],
            "name": "efs",
            "name_prefix": "",
            "owner_id": "590183835677",
            "revoke_rules_on_delete": false,
            "tags": null,
            "tags_all": {},
            "timeouts": null,
            "vpc_id": "vpc-0a094930dc224073c"
          },
          "sensitive_attributes": [],
          "private": "eyJlMmJmYjczMC1lY2FhLTExZTYtOGY4OC0zNDM2M2JjN2M0YzAiOnsiY3JlYXRlIjo2MDAwMDAwMDAwMDAsImRlbGV0ZSI6OTAwMDAwMDAwMDAwfSwic2NoZW1hX3ZlcnNpb24iOiIxIn0=",
          "dependencies": [
            "aws_vpc.this"
          ]
        }
      ]
    },
    {
      "mode": "managed",
      "type": "aws_security_group_rule",
      "name": "agent_all_egress",
      "provider": "provider[\"registry.terraform.io/hashicorp/aws\"]",
      "instances": [
        {
          "schema_version": 2,
          "attributes": {
            "cidr_blocks": [
              "0.0.0.0/0"
            ],
            "description": null,
            "from_port": 0,
            "id": "sgrule-3081233546",
            "ipv6_cidr_blocks": null,
            "prefix_list_ids": null,
            "protocol": "tcp",
            "security_group_id": "sg-0313ec850d9c8b0bb",
            "security_group_rule_id": "sgr-080c2500436b3206e",
            "self": false,
            "source_security_group_id": null,
            "timeouts": null,
            "to_port": 65535,
            "type": "egress"
          },
          "sensitive_attributes": [],
          "private": "eyJlMmJmYjczMC1lY2FhLTExZTYtOGY4OC0zNDM2M2JjN2M0YzAiOnsiY3JlYXRlIjozMDAwMDAwMDAwMDB9LCJzY2hlbWFfdmVyc2lvbiI6IjIifQ==",
          "dependencies": [
            "aws_security_group.ecs_jenkins_agent",
            "aws_vpc.this"
          ]
        }
      ]
    },
    {
      "mode": "managed",
      "type": "aws_security_group_rule",
      "name": "alb_ingress",
      "provider": "provider[\"registry.terraform.io/hashicorp/aws\"]",
      "instances": [
        {
          "schema_version": 2,
          "attributes": {
            "cidr_blocks": null,
            "description": null,
            "from_port": 8080,
            "id": "sgrule-3810942230",
            "ipv6_cidr_blocks": null,
            "prefix_list_ids": null,
            "protocol": "tcp",
            "security_group_id": "sg-0b15fcf7eb4245bdf",
            "security_group_rule_id": "sgr-06b19749443793156",
            "self": false,
            "source_security_group_id": "sg-04af25f3210251069",
            "timeouts": null,
            "to_port": 8080,
            "type": "ingress"
          },
          "sensitive_attributes": [],
          "private": "eyJlMmJmYjczMC1lY2FhLTExZTYtOGY4OC0zNDM2M2JjN2M0YzAiOnsiY3JlYXRlIjozMDAwMDAwMDAwMDB9LCJzY2hlbWFfdmVyc2lvbiI6IjIifQ==",
          "dependencies": [
            "aws_security_group.alb",
            "aws_security_group.ecs_service",
            "aws_vpc.this"
          ]
        }
      ]
    },
    {
      "mode": "managed",
      "type": "aws_security_group_rule",
      "name": "ecs_egress",
      "provider": "provider[\"registry.terraform.io/hashicorp/aws\"]",
      "instances": [
        {
          "schema_version": 2,
          "attributes": {
            "cidr_blocks": null,
            "description": null,
            "from_port": 8080,
            "id": "sgrule-3958074304",
            "ipv6_cidr_blocks": null,
            "prefix_list_ids": null,
            "protocol": "tcp",
            "security_group_id": "sg-04af25f3210251069",
            "security_group_rule_id": "sgr-09965e237e50c86fd",
            "self": false,
            "source_security_group_id": "sg-0b15fcf7eb4245bdf",
            "timeouts": null,
            "to_port": 8080,
            "type": "egress"
          },
          "sensitive_attributes": [],
          "private": "eyJlMmJmYjczMC1lY2FhLTExZTYtOGY4OC0zNDM2M2JjN2M0YzAiOnsiY3JlYXRlIjozMDAwMDAwMDAwMDB9LCJzY2hlbWFfdmVyc2lvbiI6IjIifQ==",
          "dependencies": [
            "aws_security_group.alb",
            "aws_security_group.ecs_service",
            "aws_vpc.this"
          ]
        }
      ]
    },
    {
      "mode": "managed",
      "type": "aws_security_group_rule",
      "name": "ecs_ingress",
      "provider": "provider[\"registry.terraform.io/hashicorp/aws\"]",
      "instances": [
        {
          "schema_version": 2,
          "attributes": {
            "cidr_blocks": null,
            "description": null,
            "from_port": 2049,
            "id": "sgrule-3933710128",
            "ipv6_cidr_blocks": null,
            "prefix_list_ids": null,
            "protocol": "tcp",
            "security_group_id": "sg-0fa7f7f219ddfc09c",
            "security_group_rule_id": "sgr-06c4c0774fbbf16bf",
            "self": false,
            "source_security_group_id": "sg-0b15fcf7eb4245bdf",
            "timeouts": null,
            "to_port": 2049,
            "type": "ingress"
          },
          "sensitive_attributes": [],
          "private": "eyJlMmJmYjczMC1lY2FhLTExZTYtOGY4OC0zNDM2M2JjN2M0YzAiOnsiY3JlYXRlIjozMDAwMDAwMDAwMDB9LCJzY2hlbWFfdmVyc2lvbiI6IjIifQ==",
          "dependencies": [
            "aws_security_group.ecs_service",
            "aws_security_group.efs",
            "aws_vpc.this"
          ]
        }
      ]
    },
    {
      "mode": "managed",
      "type": "aws_security_group_rule",
      "name": "http_ingress",
      "provider": "provider[\"registry.terraform.io/hashicorp/aws\"]",
      "instances": [
        {
          "schema_version": 2,
          "attributes": {
            "cidr_blocks": [
              "0.0.0.0/0"
            ],
            "description": null,
            "from_port": 80,
            "id": "sgrule-28527604",
            "ipv6_cidr_blocks": null,
            "prefix_list_ids": null,
            "protocol": "tcp",
            "security_group_id": "sg-04af25f3210251069",
            "security_group_rule_id": "sgr-0eef8c60b96ed9b58",
            "self": false,
            "source_security_group_id": null,
            "timeouts": null,
            "to_port": 80,
            "type": "ingress"
          },
          "sensitive_attributes": [],
          "private": "eyJlMmJmYjczMC1lY2FhLTExZTYtOGY4OC0zNDM2M2JjN2M0YzAiOnsiY3JlYXRlIjozMDAwMDAwMDAwMDB9LCJzY2hlbWFfdmVyc2lvbiI6IjIifQ==",
          "dependencies": [
            "aws_security_group.alb",
            "aws_vpc.this"
          ]
        }
      ]
    },
    {
      "mode": "managed",
      "type": "aws_security_group_rule",
      "name": "jenkins_agent_ingress",
      "provider": "provider[\"registry.terraform.io/hashicorp/aws\"]",
      "instances": [
        {
          "schema_version": 2,
          "attributes": {
            "cidr_blocks": null,
            "description": null,
            "from_port": 50000,
            "id": "sgrule-2842225621",
            "ipv6_cidr_blocks": null,
            "prefix_list_ids": null,
            "protocol": "tcp",
            "security_group_id": "sg-0b15fcf7eb4245bdf",
            "security_group_rule_id": "sgr-0556267af49c53747",
            "self": false,
            "source_security_group_id": "sg-0313ec850d9c8b0bb",
            "timeouts": null,
            "to_port": 50000,
            "type": "ingress"
          },
          "sensitive_attributes": [],
          "private": "eyJlMmJmYjczMC1lY2FhLTExZTYtOGY4OC0zNDM2M2JjN2M0YzAiOnsiY3JlYXRlIjozMDAwMDAwMDAwMDB9LCJzY2hlbWFfdmVyc2lvbiI6IjIifQ==",
          "dependencies": [
            "aws_security_group.ecs_jenkins_agent",
            "aws_security_group.ecs_service",
            "aws_vpc.this"
          ]
        }
      ]
    },
    {
      "mode": "managed",
      "type": "aws_security_group_rule",
      "name": "service_all_egress",
      "provider": "provider[\"registry.terraform.io/hashicorp/aws\"]",
      "instances": [
        {
          "schema_version": 2,
          "attributes": {
            "cidr_blocks": [
              "0.0.0.0/0"
            ],
            "description": null,
            "from_port": 0,
            "id": "sgrule-1524651208",
            "ipv6_cidr_blocks": null,
            "prefix_list_ids": null,
            "protocol": "tcp",
            "security_group_id": "sg-0b15fcf7eb4245bdf",
            "security_group_rule_id": "sgr-092a7525a13057965",
            "self": false,
            "source_security_group_id": null,
            "timeouts": null,
            "to_port": 65535,
            "type": "egress"
          },
          "sensitive_attributes": [],
          "private": "eyJlMmJmYjczMC1lY2FhLTExZTYtOGY4OC0zNDM2M2JjN2M0YzAiOnsiY3JlYXRlIjozMDAwMDAwMDAwMDB9LCJzY2hlbWFfdmVyc2lvbiI6IjIifQ==",
          "dependencies": [
            "aws_security_group.ecs_service",
            "aws_vpc.this"
          ]
        }
      ]
    },
    {
      "mode": "managed",
      "type": "aws_service_discovery_private_dns_namespace",
      "name": "this",
      "provider": "provider[\"registry.terraform.io/hashicorp/aws\"]",
      "instances": [
        {
          "schema_version": 0,
          "attributes": {
            "arn": "arn:aws:servicediscovery:us-east-1:590183835677:namespace/ns-u4yyue7desrgq36d",
            "description": "",
            "hosted_zone": "Z05957552SDK0XGWZA5KK",
            "id": "ns-u4yyue7desrgq36d",
            "name": "serverless-jenkins-on-ecs",
            "tags": null,
            "tags_all": {},
            "vpc": "vpc-0a094930dc224073c"
          },
          "sensitive_attributes": [],
          "private": "bnVsbA==",
          "dependencies": [
            "aws_vpc.this"
          ]
        }
      ]
    },
    {
      "mode": "managed",
      "type": "aws_service_discovery_service",
      "name": "this",
      "provider": "provider[\"registry.terraform.io/hashicorp/aws\"]",
      "instances": [
        {
          "schema_version": 0,
          "attributes": {
            "arn": "arn:aws:servicediscovery:us-east-1:590183835677:service/srv-5qzt2vdedxbashxk",
            "description": "",
            "dns_config": [
              {
                "dns_records": [
                  {
                    "ttl": 60,
                    "type": "A"
                  },
                  {
                    "ttl": 60,
                    "type": "SRV"
                  }
                ],
                "namespace_id": "ns-u4yyue7desrgq36d",
                "routing_policy": "MULTIVALUE"
              }
            ],
            "force_destroy": false,
            "health_check_config": [],
            "health_check_custom_config": [],
            "id": "srv-5qzt2vdedxbashxk",
            "name": "jenkins-controller",
            "namespace_id": "ns-u4yyue7desrgq36d",
            "tags": null,
            "tags_all": {},
            "type": "DNS_HTTP"
          },
          "sensitive_attributes": [],
          "private": "bnVsbA==",
          "dependencies": [
            "aws_service_discovery_private_dns_namespace.this",
            "aws_vpc.this"
          ]
        }
      ]
    },
    {
      "mode": "managed",
      "type": "aws_subnet",
      "name": "private",
      "provider": "provider[\"registry.terraform.io/hashicorp/aws\"]",
      "instances": [
        {
          "index_key": "subnet_1",
          "schema_version": 1,
          "attributes": {
            "arn": "arn:aws:ec2:us-east-1:590183835677:subnet/subnet-030fad59adfe6be23",
            "assign_ipv6_address_on_creation": false,
            "availability_zone": "us-east-1a",
            "availability_zone_id": "use1-az4",
            "cidr_block": "192.168.2.0/24",
            "customer_owned_ipv4_pool": "",
            "enable_dns64": false,
            "enable_lni_at_device_index": 0,
            "enable_resource_name_dns_a_record_on_launch": false,
            "enable_resource_name_dns_aaaa_record_on_launch": false,
            "id": "subnet-030fad59adfe6be23",
            "ipv6_cidr_block": "",
            "ipv6_cidr_block_association_id": "",
            "ipv6_native": false,
            "map_customer_owned_ip_on_launch": false,
            "map_public_ip_on_launch": false,
            "outpost_arn": "",
            "owner_id": "590183835677",
            "private_dns_hostname_type_on_launch": "ip-name",
            "tags": {
              "Name": "private-serverless-jenkins-on-ecs-us-east-1a"
            },
            "tags_all": {
              "Name": "private-serverless-jenkins-on-ecs-us-east-1a"
            },
            "timeouts": null,
            "vpc_id": "vpc-0a094930dc224073c"
          },
          "sensitive_attributes": [],
          "private": "eyJlMmJmYjczMC1lY2FhLTExZTYtOGY4OC0zNDM2M2JjN2M0YzAiOnsiY3JlYXRlIjo2MDAwMDAwMDAwMDAsImRlbGV0ZSI6MTIwMDAwMDAwMDAwMH0sInNjaGVtYV92ZXJzaW9uIjoiMSJ9",
          "dependencies": [
            "aws_vpc.this"
          ]
        },
        {
          "index_key": "subnet_2",
          "schema_version": 1,
          "attributes": {
            "arn": "arn:aws:ec2:us-east-1:590183835677:subnet/subnet-074036361f072a058",
            "assign_ipv6_address_on_creation": false,
            "availability_zone": "us-east-1b",
            "availability_zone_id": "use1-az6",
            "cidr_block": "192.168.3.0/24",
            "customer_owned_ipv4_pool": "",
            "enable_dns64": false,
            "enable_lni_at_device_index": 0,
            "enable_resource_name_dns_a_record_on_launch": false,
            "enable_resource_name_dns_aaaa_record_on_launch": false,
            "id": "subnet-074036361f072a058",
            "ipv6_cidr_block": "",
            "ipv6_cidr_block_association_id": "",
            "ipv6_native": false,
            "map_customer_owned_ip_on_launch": false,
            "map_public_ip_on_launch": false,
            "outpost_arn": "",
            "owner_id": "590183835677",
            "private_dns_hostname_type_on_launch": "ip-name",
            "tags": {
              "Name": "private-serverless-jenkins-on-ecs-us-east-1b"
            },
            "tags_all": {
              "Name": "private-serverless-jenkins-on-ecs-us-east-1b"
            },
            "timeouts": null,
            "vpc_id": "vpc-0a094930dc224073c"
          },
          "sensitive_attributes": [],
          "private": "eyJlMmJmYjczMC1lY2FhLTExZTYtOGY4OC0zNDM2M2JjN2M0YzAiOnsiY3JlYXRlIjo2MDAwMDAwMDAwMDAsImRlbGV0ZSI6MTIwMDAwMDAwMDAwMH0sInNjaGVtYV92ZXJzaW9uIjoiMSJ9",
          "dependencies": [
            "aws_vpc.this"
          ]
        }
      ]
    },
    {
      "mode": "managed",
      "type": "aws_subnet",
      "name": "public",
      "provider": "provider[\"registry.terraform.io/hashicorp/aws\"]",
      "instances": [
        {
          "index_key": "subnet_1",
          "schema_version": 1,
          "attributes": {
            "arn": "arn:aws:ec2:us-east-1:590183835677:subnet/subnet-0e5e2caba2d0cbabc",
            "assign_ipv6_address_on_creation": false,
            "availability_zone": "us-east-1a",
            "availability_zone_id": "use1-az4",
            "cidr_block": "192.168.0.0/24",
            "customer_owned_ipv4_pool": "",
            "enable_dns64": false,
            "enable_lni_at_device_index": 0,
            "enable_resource_name_dns_a_record_on_launch": false,
            "enable_resource_name_dns_aaaa_record_on_launch": false,
            "id": "subnet-0e5e2caba2d0cbabc",
            "ipv6_cidr_block": "",
            "ipv6_cidr_block_association_id": "",
            "ipv6_native": false,
            "map_customer_owned_ip_on_launch": false,
            "map_public_ip_on_launch": true,
            "outpost_arn": "",
            "owner_id": "590183835677",
            "private_dns_hostname_type_on_launch": "ip-name",
            "tags": {
              "Name": "public-serverless-jenkins-on-ecs-us-east-1a"
            },
            "tags_all": {
              "Name": "public-serverless-jenkins-on-ecs-us-east-1a"
            },
            "timeouts": null,
            "vpc_id": "vpc-0a094930dc224073c"
          },
          "sensitive_attributes": [],
          "private": "eyJlMmJmYjczMC1lY2FhLTExZTYtOGY4OC0zNDM2M2JjN2M0YzAiOnsiY3JlYXRlIjo2MDAwMDAwMDAwMDAsImRlbGV0ZSI6MTIwMDAwMDAwMDAwMH0sInNjaGVtYV92ZXJzaW9uIjoiMSJ9",
          "dependencies": [
            "aws_vpc.this"
          ]
        },
        {
          "index_key": "subnet_2",
          "schema_version": 1,
          "attributes": {
            "arn": "arn:aws:ec2:us-east-1:590183835677:subnet/subnet-09ee4b39a9d6c59d1",
            "assign_ipv6_address_on_creation": false,
            "availability_zone": "us-east-1b",
            "availability_zone_id": "use1-az6",
            "cidr_block": "192.168.1.0/24",
            "customer_owned_ipv4_pool": "",
            "enable_dns64": false,
            "enable_lni_at_device_index": 0,
            "enable_resource_name_dns_a_record_on_launch": false,
            "enable_resource_name_dns_aaaa_record_on_launch": false,
            "id": "subnet-09ee4b39a9d6c59d1",
            "ipv6_cidr_block": "",
            "ipv6_cidr_block_association_id": "",
            "ipv6_native": false,
            "map_customer_owned_ip_on_launch": false,
            "map_public_ip_on_launch": true,
            "outpost_arn": "",
            "owner_id": "590183835677",
            "private_dns_hostname_type_on_launch": "ip-name",
            "tags": {
              "Name": "public-serverless-jenkins-on-ecs-us-east-1b"
            },
            "tags_all": {
              "Name": "public-serverless-jenkins-on-ecs-us-east-1b"
            },
            "timeouts": null,
            "vpc_id": "vpc-0a094930dc224073c"
          },
          "sensitive_attributes": [],
          "private": "eyJlMmJmYjczMC1lY2FhLTExZTYtOGY4OC0zNDM2M2JjN2M0YzAiOnsiY3JlYXRlIjo2MDAwMDAwMDAwMDAsImRlbGV0ZSI6MTIwMDAwMDAwMDAwMH0sInNjaGVtYV92ZXJzaW9uIjoiMSJ9",
          "dependencies": [
            "aws_vpc.this"
          ]
        }
      ]
    },
    {
      "mode": "managed",
      "type": "aws_vpc",
      "name": "this",
      "provider": "provider[\"registry.terraform.io/hashicorp/aws\"]",
      "instances": [
        {
          "schema_version": 1,
          "attributes": {
            "arn": "arn:aws:ec2:us-east-1:590183835677:vpc/vpc-0a094930dc224073c",
            "assign_generated_ipv6_cidr_block": false,
            "cidr_block": "192.168.0.0/16",
            "default_network_acl_id": "acl-072aa85c329473744",
            "default_route_table_id": "rtb-0f1145f674fa469fc",
            "default_security_group_id": "sg-053663c4ed5c966e6",
            "dhcp_options_id": "dopt-0ae06282f75a6ccae",
            "enable_dns_hostnames": true,
            "enable_dns_support": true,
            "enable_network_address_usage_metrics": false,
            "id": "vpc-0a094930dc224073c",
            "instance_tenancy": "default",
            "ipv4_ipam_pool_id": null,
            "ipv4_netmask_length": null,
            "ipv6_association_id": "",
            "ipv6_cidr_block": "",
            "ipv6_cidr_block_network_border_group": "",
            "ipv6_ipam_pool_id": "",
            "ipv6_netmask_length": 0,
            "main_route_table_id": "rtb-0f1145f674fa469fc",
            "owner_id": "590183835677",
            "tags": {
              "Name": "serverless-jenkins-on-ecs"
            },
            "tags_all": {
              "Name": "serverless-jenkins-on-ecs"
            }
          },
          "sensitive_attributes": [],
          "private": "eyJzY2hlbWFfdmVyc2lvbiI6IjEifQ=="
        }
      ]
    },
    {
      "mode": "managed",
      "type": "aws_vpc_security_group_ingress_rule",
      "name": "allow_ssh",
      "provider": "provider[\"registry.terraform.io/hashicorp/aws\"]",
      "instances": [
        {
          "schema_version": 0,
          "attributes": {
            "arn": "arn:aws:ec2:us-east-1:590183835677:security-group-rule/sgr-056ae023b79344b4c",
            "cidr_ipv4": "192.168.0.0/16",
            "cidr_ipv6": null,
            "description": null,
            "from_port": 22,
            "id": "sgr-056ae023b79344b4c",
            "ip_protocol": "tcp",
            "prefix_list_id": null,
            "referenced_security_group_id": null,
            "security_group_id": "sg-087e191dbe812a2cf",
            "security_group_rule_id": "sgr-056ae023b79344b4c",
            "tags": null,
            "tags_all": {},
            "to_port": 22
          },
          "sensitive_attributes": [],
          "dependencies": [
            "aws_security_group.allow_ssh",
            "aws_vpc.this"
          ]
        }
      ]
    },
    {
      "mode": "managed",
      "type": "tls_private_key",
      "name": "example",
      "provider": "provider[\"registry.terraform.io/hashicorp/tls\"]",
      "instances": [
        {
          "schema_version": 1,
          "attributes": {
            "algorithm": "RSA",
            "ecdsa_curve": "P224",
            "id": "0fb5464c7e46436f70d8d462e31344f8eafd3214",
            "private_key_openssh": "-----BEGIN OPENSSH PRIVATE KEY-----\nb3BlbnNzaC1rZXktdjEAAAAABG5vbmUAAAAEbm9uZQAAAAAAAAABAAACFwAAAAdz\nc2gtcnNhAAAAAwEAAQAAAgEA0tgMVia+M7Orkq55idPC5KmB1+G1o9KePvW6CyLs\nSfzAXHk5mV8svNgfV7Ig8RVSc4FO2VI6rJTgu7qctjdmqnZJakTbPg7ZZjmDlHDr\nHiA2AiSD4rBs9XjYjySsif+RgPVTkUYkrh46NNI48/ls/9quLgYNecWgkuT5jTDY\nSIMFz7cJcvJd//DhR8ynpH6suEzlqDcaT7km8WKJ4YI6FKoSgq2q0xY5a8l/rAEb\nssZK9cYQLddh6us1M0kgnSfDtjjxc7PbpZhezGfPzgz1zEhnz4PuuFMTKTNrAm3U\n8GzAuGi18jruFMqHSPrZBsFv/0Am+/R95/xnb+h2/EpOosut4Y0so9BEGPHwYIJ1\n4Jqy2f/kLs5/VPFCO3q4K2YF7tzePgA4AIhoCw0SKYYVFf03AX46Fg7XEAoPMYPp\nYBc9JEjI+a2jQivmHuGfBOYERuW8ikrCNioeIkzHZNI8NEK7RDzXv3ojOueAMkSu\n6YeYLedKNXBO+kve6i9CUGuPDcBcWvgWH6KTukV/mE04k7psU4hWxhzqu3SvK1WU\nkHzM2Ght9X9CtqZUr83hLYJbCoo1EX0UHS1e0h3zGLvYHGvSPv/ixoIfO2QnxVyi\nG71HJPoraWrr3Uf7N8hGR0aBXx4jIy+AqIgYLH0ODb0iW6sqvv09GCIaYZW7Q63C\nbz0AAAc4nQUcb50FHG8AAAAHc3NoLXJzYQAAAgEA0tgMVia+M7Orkq55idPC5KmB\n1+G1o9KePvW6CyLsSfzAXHk5mV8svNgfV7Ig8RVSc4FO2VI6rJTgu7qctjdmqnZJ\nakTbPg7ZZjmDlHDrHiA2AiSD4rBs9XjYjySsif+RgPVTkUYkrh46NNI48/ls/9qu\nLgYNecWgkuT5jTDYSIMFz7cJcvJd//DhR8ynpH6suEzlqDcaT7km8WKJ4YI6FKoS\ngq2q0xY5a8l/rAEbssZK9cYQLddh6us1M0kgnSfDtjjxc7PbpZhezGfPzgz1zEhn\nz4PuuFMTKTNrAm3U8GzAuGi18jruFMqHSPrZBsFv/0Am+/R95/xnb+h2/EpOosut\n4Y0so9BEGPHwYIJ14Jqy2f/kLs5/VPFCO3q4K2YF7tzePgA4AIhoCw0SKYYVFf03\nAX46Fg7XEAoPMYPpYBc9JEjI+a2jQivmHuGfBOYERuW8ikrCNioeIkzHZNI8NEK7\nRDzXv3ojOueAMkSu6YeYLedKNXBO+kve6i9CUGuPDcBcWvgWH6KTukV/mE04k7ps\nU4hWxhzqu3SvK1WUkHzM2Ght9X9CtqZUr83hLYJbCoo1EX0UHS1e0h3zGLvYHGvS\nPv/ixoIfO2QnxVyiG71HJPoraWrr3Uf7N8hGR0aBXx4jIy+AqIgYLH0ODb0iW6sq\nvv09GCIaYZW7Q63Cbz0AAAADAQABAAACAAET56Q9GHXNMlBSof5pXbKrhyViWvpW\nZkauHOBXsluCdj1CxV+aU/E3LZnWKELzN/OtMoj72Z7uN+PdxVVNHTI73o4zgedk\nTgouuxR0K0+BHKWQKDhtbHEox/qbVmJyMv00w9OXRzK4ptWESZQ9ryfzpzZHA6Se\ntP5rOzdUi5Z7TPlN1zeGM6LOSWiDjEvT9fAPPJFKjtDfgmpzdX74mnFmmSef2aKw\nl2SMqCFp9AlK6DEvbP++/RolT6VOd2M2Q9LXoaxUvAexqrJiyXYlLNB5gkZWR08b\n5ZotUBu4EgGUnLuUlXGCiZsDmgNufNODA56LZmedTVN1P9YbmxgZDSPXguqfbYt9\nQvpOsKsg9AfpGwYSwQjkBfOVA56A/lndZp2UtM65MjSguqlJfFSPX6fJsdR8Fnhn\nRAa2vLjFVVhMYAtLkf3W8uecVYKiP8gMOxuJrzt8Qt5TgIcZJoZxTO9P08pqxKkW\nOMZGrgz1Ap3Yrh3c6rNYSrh81bH+ALY26LPcGwIb1Mp5i6L3pfw6Lyz70XyQQ/KE\nkNjJtE99lxz6/m/1Xwm0EVOtPWiO8A+x/4aCLgJVjKUFihXFudMlWhQSPmWA8MSd\nAixDV6ykKoWKq+iMFjPlYMFsrw5KKzaxa/pvyueq4twAIprXNYSRLr5+L1BNLVqK\nh8yUV6c34N2BAAABAQDNjS+Uyx+PAP5IGSh/TKHFED7SjoFSxI+FeHq1gJ49bJJ7\nl15jSgeGiadmiSeXaQy/uJr6plNVNs2r5/St67HVqhW2GNomFmuTImjj+1qZat+D\nTjFzQsIbF3EA/lQN/4n4zIsr21WLoElWHEqxhHmPMkF6+wWfQluTMKlJqPiThCDC\nSTidIfqt6KhXiXpdOGDqPZeysGiPD+FdZlr44qMoB8m0Bc/Yq/aFjkAY+MMozb9T\nXpLE28jNDDDjl/hAvdEL5ife6uTxbhna9vY8usbsdTbZCQv9heR3mQJCi6+8VsQt\n2RwDiAMJoMKzi4tUJQVnfLt7vL+KkN9brxcV1SvBAAABAQDXcrmzo3wnvXpZjFGK\nR9v/cS8zLXoyMqlJUy+MCQKLWOboOMyW8f3PdR1Sw1DoLJ6DKWvhx+MR1Y70kZ9I\naaWijZ6jBpwnxX7gtXHcOD51+XBoA83BaXO+T0PK4lyY1woYiyWp3uuvq6XalPWy\nsQk7qvU9Zeerv0L/KUbc18JhumwwJ9BsUfTY/iE+aVuX6Xy7dGuiBNk9cbYhMNl1\nRda4xcdP4nwmps9d2DxLFE0k7gwVeNTEDpd/zrpKGKMZRHdT9WELj7ml+i7BWteq\nQH65zSm77AwOLPVZ7dYC5y6hCgoYIC5Hxtv2w+gcaMI55GqO0U1khF5iTjpayNHB\n/5ZdAAABAQD6h3iW7I+8CZ+c/o+j/4HT2yFq0PWFfqTN/SuPRc+ihhJogTK+6nGU\nDCJYBXM1DQYcWd2Bu/L/u/rE6zmLpjf+vYd4dBsVui7cSq67uRRf4Dh3BQZI4qCD\nm/l/49CShAcxwFzPSGmo8v+wNBxtowxkaJpz9/jzIFB5qAPW2G47kMu9ZIVRw+7s\npsgwY4Olt6duLd7rR2R0+SHxmnIMKyMj/rJ75A/PCJy5hQLpfa6l2qYJWssyitEw\n645rd/p3nH3fuGEiu1HOjYjNpHB+SulIrEAF460oSJvwve1xsPgQs893nPgfG7Na\nnB5Pj04IvEeEbPDW4jTe3mjXbQykoO5hAAAAAAEC\n-----END OPENSSH PRIVATE KEY-----\n",
            "private_key_pem": "-----BEGIN RSA PRIVATE KEY-----\nMIIJKQIBAAKCAgEA0tgMVia+M7Orkq55idPC5KmB1+G1o9KePvW6CyLsSfzAXHk5\nmV8svNgfV7Ig8RVSc4FO2VI6rJTgu7qctjdmqnZJakTbPg7ZZjmDlHDrHiA2AiSD\n4rBs9XjYjySsif+RgPVTkUYkrh46NNI48/ls/9quLgYNecWgkuT5jTDYSIMFz7cJ\ncvJd//DhR8ynpH6suEzlqDcaT7km8WKJ4YI6FKoSgq2q0xY5a8l/rAEbssZK9cYQ\nLddh6us1M0kgnSfDtjjxc7PbpZhezGfPzgz1zEhnz4PuuFMTKTNrAm3U8GzAuGi1\n8jruFMqHSPrZBsFv/0Am+/R95/xnb+h2/EpOosut4Y0so9BEGPHwYIJ14Jqy2f/k\nLs5/VPFCO3q4K2YF7tzePgA4AIhoCw0SKYYVFf03AX46Fg7XEAoPMYPpYBc9JEjI\n+a2jQivmHuGfBOYERuW8ikrCNioeIkzHZNI8NEK7RDzXv3ojOueAMkSu6YeYLedK\nNXBO+kve6i9CUGuPDcBcWvgWH6KTukV/mE04k7psU4hWxhzqu3SvK1WUkHzM2Ght\n9X9CtqZUr83hLYJbCoo1EX0UHS1e0h3zGLvYHGvSPv/ixoIfO2QnxVyiG71HJPor\naWrr3Uf7N8hGR0aBXx4jIy+AqIgYLH0ODb0iW6sqvv09GCIaYZW7Q63Cbz0CAwEA\nAQKCAgABE+ekPRh1zTJQUqH+aV2yq4clYlr6VmZGrhzgV7JbgnY9QsVfmlPxNy2Z\n1ihC8zfzrTKI+9me7jfj3cVVTR0yO96OM4HnZE4KLrsUdCtPgRylkCg4bWxxKMf6\nm1ZicjL9NMPTl0cyuKbVhEmUPa8n86c2RwOknrT+azs3VIuWe0z5Tdc3hjOizklo\ng4xL0/XwDzyRSo7Q34Jqc3V++JpxZpknn9misJdkjKghafQJSugxL2z/vv0aJU+l\nTndjNkPS16GsVLwHsaqyYsl2JSzQeYJGVkdPG+WaLVAbuBIBlJy7lJVxgombA5oD\nbnzTgwOei2ZnnU1TdT/WG5sYGQ0j14Lqn22LfUL6TrCrIPQH6RsGEsEI5AXzlQOe\ngP5Z3WadlLTOuTI0oLqpSXxUj1+nybHUfBZ4Z0QGtry4xVVYTGALS5H91vLnnFWC\noj/IDDsbia87fELeU4CHGSaGcUzvT9PKasSpFjjGRq4M9QKd2K4d3OqzWEq4fNWx\n/gC2Nuiz3BsCG9TKeYui96X8Oi8s+9F8kEPyhJDYybRPfZcc+v5v9V8JtBFTrT1o\njvAPsf+Ggi4CVYylBYoVxbnTJVoUEj5lgPDEnQIsQ1espCqFiqvojBYz5WDBbK8O\nSis2sWv6b8rnquLcACKa1zWEkS6+fi9QTS1aiofMlFenN+DdgQKCAQEA13K5s6N8\nJ716WYxRikfb/3EvMy16MjKpSVMvjAkCi1jm6DjMlvH9z3UdUsNQ6Cyegylr4cfj\nEdWO9JGfSGmloo2eowacJ8V+4LVx3Dg+dflwaAPNwWlzvk9DyuJcmNcKGIslqd7r\nr6ul2pT1srEJO6r1PWXnq79C/ylG3NfCYbpsMCfQbFH02P4hPmlbl+l8u3RrogTZ\nPXG2ITDZdUXWuMXHT+J8JqbPXdg8SxRNJO4MFXjUxA6Xf866ShijGUR3U/VhC4+5\npfouwVrXqkB+uc0pu+wMDiz1We3WAucuoQoKGCAuR8bb9sPoHGjCOeRqjtFNZIRe\nYk46WsjRwf+WXQKCAQEA+od4luyPvAmfnP6Po/+B09shatD1hX6kzf0rj0XPooYS\naIEyvupxlAwiWAVzNQ0GHFndgbvy/7v6xOs5i6Y3/r2HeHQbFbou3Equu7kUX+A4\ndwUGSOKgg5v5f+PQkoQHMcBcz0hpqPL/sDQcbaMMZGiac/f48yBQeagD1thuO5DL\nvWSFUcPu7KbIMGODpbenbi3e60dkdPkh8ZpyDCsjI/6ye+QPzwicuYUC6X2updqm\nCVrLMorRMOuOa3f6d5x937hhIrtRzo2IzaRwfkrpSKxABeOtKEib8L3tcbD4ELPP\nd5z4HxuzWpweT49OCLxHhGzw1uI03t5o120MpKDuYQKCAQArir8nJApKicu5X1d3\nZ/B5XqmYYT+J950o+YvpdES0XuJD2n7Wns+Z5uRnPpwSYDok7fEkr14f05ZRrUCQ\nxPE5uf9umT5j91EeHu2FAUT2WNQz4VjrFuHSe3iK/1aReRxMO4sAGtJtLXaWh3Zk\nh80C5xkrMHYyyrPCl9f/eAeL8r48uT8xNRsT48BaObbOK90OkYfTNcGl3l5dtN6u\nCdBMhYQzi+Vldl8Aa1w8HD0/EnEUwdfWS9CofuI9aV9FEwY+zJ+xU3nEppxebXqa\nqPAzotglZ55EGyf25c9TxN8yorHJkG9qCDGaXJuDalSemKBEft5ySyI8Ie0/PcjO\nuVXtAoIBAQC4nD1DUby0/o5snLTyT2S23cHpOWPC5EjDNez0XagchhlogtQHFTFu\nu+ZO4G09yYQYPixY3ku5IScwFnnIK0sV30nFfCE9SH4hfLL3x/F4mPxi0AQKj11i\nvfwDvrdCUCIRCkQZxq19ftrlV/Ee5UhLcT1neXIsjkJe820o00GfiRppTHplfzE/\nl8LqzVoEMqohKZIb4/blr3PQ2lNyHhN+AcA6RRtVH26F0rsLnb6lntI9EHetndd6\n6gl/reCWZW3n/rEta8VjpK4Lg0IV/lObZrqi3FwL1D19ECe5YIPbovSdmsDIA5yN\nh39adyo0i7FTpwduATCejlvJayUm5yPhAoIBAQDNjS+Uyx+PAP5IGSh/TKHFED7S\njoFSxI+FeHq1gJ49bJJ7l15jSgeGiadmiSeXaQy/uJr6plNVNs2r5/St67HVqhW2\nGNomFmuTImjj+1qZat+DTjFzQsIbF3EA/lQN/4n4zIsr21WLoElWHEqxhHmPMkF6\n+wWfQluTMKlJqPiThCDCSTidIfqt6KhXiXpdOGDqPZeysGiPD+FdZlr44qMoB8m0\nBc/Yq/aFjkAY+MMozb9TXpLE28jNDDDjl/hAvdEL5ife6uTxbhna9vY8usbsdTbZ\nCQv9heR3mQJCi6+8VsQt2RwDiAMJoMKzi4tUJQVnfLt7vL+KkN9brxcV1SvB\n-----END RSA PRIVATE KEY-----\n",
            "private_key_pem_pkcs8": "-----BEGIN PRIVATE KEY-----\nMIIJQwIBADANBgkqhkiG9w0BAQEFAASCCS0wggkpAgEAAoICAQDS2AxWJr4zs6uS\nrnmJ08LkqYHX4bWj0p4+9boLIuxJ/MBceTmZXyy82B9XsiDxFVJzgU7ZUjqslOC7\nupy2N2aqdklqRNs+DtlmOYOUcOseIDYCJIPisGz1eNiPJKyJ/5GA9VORRiSuHjo0\n0jjz+Wz/2q4uBg15xaCS5PmNMNhIgwXPtwly8l3/8OFHzKekfqy4TOWoNxpPuSbx\nYonhgjoUqhKCrarTFjlryX+sARuyxkr1xhAt12Hq6zUzSSCdJ8O2OPFzs9ulmF7M\nZ8/ODPXMSGfPg+64UxMpM2sCbdTwbMC4aLXyOu4UyodI+tkGwW//QCb79H3n/Gdv\n6Hb8Sk6iy63hjSyj0EQY8fBggnXgmrLZ/+Quzn9U8UI7ergrZgXu3N4+ADgAiGgL\nDRIphhUV/TcBfjoWDtcQCg8xg+lgFz0kSMj5raNCK+Ye4Z8E5gRG5byKSsI2Kh4i\nTMdk0jw0QrtEPNe/eiM654AyRK7ph5gt50o1cE76S97qL0JQa48NwFxa+BYfopO6\nRX+YTTiTumxTiFbGHOq7dK8rVZSQfMzYaG31f0K2plSvzeEtglsKijURfRQdLV7S\nHfMYu9gca9I+/+LGgh87ZCfFXKIbvUck+itpauvdR/s3yEZHRoFfHiMjL4CoiBgs\nfQ4NvSJbqyq+/T0YIhphlbtDrcJvPQIDAQABAoICAAET56Q9GHXNMlBSof5pXbKr\nhyViWvpWZkauHOBXsluCdj1CxV+aU/E3LZnWKELzN/OtMoj72Z7uN+PdxVVNHTI7\n3o4zgedkTgouuxR0K0+BHKWQKDhtbHEox/qbVmJyMv00w9OXRzK4ptWESZQ9ryfz\npzZHA6SetP5rOzdUi5Z7TPlN1zeGM6LOSWiDjEvT9fAPPJFKjtDfgmpzdX74mnFm\nmSef2aKwl2SMqCFp9AlK6DEvbP++/RolT6VOd2M2Q9LXoaxUvAexqrJiyXYlLNB5\ngkZWR08b5ZotUBu4EgGUnLuUlXGCiZsDmgNufNODA56LZmedTVN1P9YbmxgZDSPX\nguqfbYt9QvpOsKsg9AfpGwYSwQjkBfOVA56A/lndZp2UtM65MjSguqlJfFSPX6fJ\nsdR8FnhnRAa2vLjFVVhMYAtLkf3W8uecVYKiP8gMOxuJrzt8Qt5TgIcZJoZxTO9P\n08pqxKkWOMZGrgz1Ap3Yrh3c6rNYSrh81bH+ALY26LPcGwIb1Mp5i6L3pfw6Lyz7\n0XyQQ/KEkNjJtE99lxz6/m/1Xwm0EVOtPWiO8A+x/4aCLgJVjKUFihXFudMlWhQS\nPmWA8MSdAixDV6ykKoWKq+iMFjPlYMFsrw5KKzaxa/pvyueq4twAIprXNYSRLr5+\nL1BNLVqKh8yUV6c34N2BAoIBAQDXcrmzo3wnvXpZjFGKR9v/cS8zLXoyMqlJUy+M\nCQKLWOboOMyW8f3PdR1Sw1DoLJ6DKWvhx+MR1Y70kZ9IaaWijZ6jBpwnxX7gtXHc\nOD51+XBoA83BaXO+T0PK4lyY1woYiyWp3uuvq6XalPWysQk7qvU9Zeerv0L/KUbc\n18JhumwwJ9BsUfTY/iE+aVuX6Xy7dGuiBNk9cbYhMNl1Rda4xcdP4nwmps9d2DxL\nFE0k7gwVeNTEDpd/zrpKGKMZRHdT9WELj7ml+i7BWteqQH65zSm77AwOLPVZ7dYC\n5y6hCgoYIC5Hxtv2w+gcaMI55GqO0U1khF5iTjpayNHB/5ZdAoIBAQD6h3iW7I+8\nCZ+c/o+j/4HT2yFq0PWFfqTN/SuPRc+ihhJogTK+6nGUDCJYBXM1DQYcWd2Bu/L/\nu/rE6zmLpjf+vYd4dBsVui7cSq67uRRf4Dh3BQZI4qCDm/l/49CShAcxwFzPSGmo\n8v+wNBxtowxkaJpz9/jzIFB5qAPW2G47kMu9ZIVRw+7spsgwY4Olt6duLd7rR2R0\n+SHxmnIMKyMj/rJ75A/PCJy5hQLpfa6l2qYJWssyitEw645rd/p3nH3fuGEiu1HO\njYjNpHB+SulIrEAF460oSJvwve1xsPgQs893nPgfG7NanB5Pj04IvEeEbPDW4jTe\n3mjXbQykoO5hAoIBACuKvyckCkqJy7lfV3dn8HleqZhhP4n3nSj5i+l0RLRe4kPa\nftaez5nm5Gc+nBJgOiTt8SSvXh/TllGtQJDE8Tm5/26ZPmP3UR4e7YUBRPZY1DPh\nWOsW4dJ7eIr/VpF5HEw7iwAa0m0tdpaHdmSHzQLnGSswdjLKs8KX1/94B4vyvjy5\nPzE1GxPjwFo5ts4r3Q6Rh9M1waXeXl203q4J0EyFhDOL5WV2XwBrXDwcPT8ScRTB\n19ZL0Kh+4j1pX0UTBj7Mn7FTecSmnF5tepqo8DOi2CVnnkQbJ/blz1PE3zKiscmQ\nb2oIMZpcm4NqVJ6YoER+3nJLIjwh7T89yM65Ve0CggEBALicPUNRvLT+jmyctPJP\nZLbdwek5Y8LkSMM17PRdqByGGWiC1AcVMW675k7gbT3JhBg+LFjeS7khJzAWecgr\nSxXfScV8IT1IfiF8svfH8XiY/GLQBAqPXWK9/AO+t0JQIhEKRBnGrX1+2uVX8R7l\nSEtxPWd5ciyOQl7zbSjTQZ+JGmlMemV/MT+XwurNWgQyqiEpkhvj9uWvc9DaU3Ie\nE34BwDpFG1UfboXSuwudvqWe0j0Qd62d13rqCX+t4JZlbef+sS1rxWOkrguDQhX+\nU5tmuqLcXAvUPX0QJ7lgg9ui9J2awMgDnI2Hf1p3KjSLsVOnB24BMJ6OW8lrJSbn\nI+ECggEBAM2NL5TLH48A/kgZKH9MocUQPtKOgVLEj4V4erWAnj1sknuXXmNKB4aJ\np2aJJ5dpDL+4mvqmU1U2zavn9K3rsdWqFbYY2iYWa5MiaOP7Wplq34NOMXNCwhsX\ncQD+VA3/ifjMiyvbVYugSVYcSrGEeY8yQXr7BZ9CW5MwqUmo+JOEIMJJOJ0h+q3o\nqFeJel04YOo9l7KwaI8P4V1mWvjioygHybQFz9ir9oWOQBj4wyjNv1NeksTbyM0M\nMOOX+EC90QvmJ97q5PFuGdr29jy6xux1NtkJC/2F5HeZAkKLr7xWxC3ZHAOIAwmg\nwrOLi1QlBWd8u3u8v4qQ31uvFxXVK8E=\n-----END PRIVATE KEY-----\n",
            "public_key_fingerprint_md5": "e2:a6:7a:81:55:88:9e:88:96:ec:40:e8:f5:e9:c0:16",
            "public_key_fingerprint_sha256": "SHA256:Zej3dH/4+XGmx5KQry8Xk4dCYI0GLcCn92zXN8ZmvUI",
            "public_key_openssh": "ssh-rsa AAAAB3NzaC1yc2EAAAADAQABAAACAQDS2AxWJr4zs6uSrnmJ08LkqYHX4bWj0p4+9boLIuxJ/MBceTmZXyy82B9XsiDxFVJzgU7ZUjqslOC7upy2N2aqdklqRNs+DtlmOYOUcOseIDYCJIPisGz1eNiPJKyJ/5GA9VORRiSuHjo00jjz+Wz/2q4uBg15xaCS5PmNMNhIgwXPtwly8l3/8OFHzKekfqy4TOWoNxpPuSbxYonhgjoUqhKCrarTFjlryX+sARuyxkr1xhAt12Hq6zUzSSCdJ8O2OPFzs9ulmF7MZ8/ODPXMSGfPg+64UxMpM2sCbdTwbMC4aLXyOu4UyodI+tkGwW//QCb79H3n/Gdv6Hb8Sk6iy63hjSyj0EQY8fBggnXgmrLZ/+Quzn9U8UI7ergrZgXu3N4+ADgAiGgLDRIphhUV/TcBfjoWDtcQCg8xg+lgFz0kSMj5raNCK+Ye4Z8E5gRG5byKSsI2Kh4iTMdk0jw0QrtEPNe/eiM654AyRK7ph5gt50o1cE76S97qL0JQa48NwFxa+BYfopO6RX+YTTiTumxTiFbGHOq7dK8rVZSQfMzYaG31f0K2plSvzeEtglsKijURfRQdLV7SHfMYu9gca9I+/+LGgh87ZCfFXKIbvUck+itpauvdR/s3yEZHRoFfHiMjL4CoiBgsfQ4NvSJbqyq+/T0YIhphlbtDrcJvPQ==\n",
            "public_key_pem": "-----BEGIN PUBLIC KEY-----\nMIICIjANBgkqhkiG9w0BAQEFAAOCAg8AMIICCgKCAgEA0tgMVia+M7Orkq55idPC\n5KmB1+G1o9KePvW6CyLsSfzAXHk5mV8svNgfV7Ig8RVSc4FO2VI6rJTgu7qctjdm\nqnZJakTbPg7ZZjmDlHDrHiA2AiSD4rBs9XjYjySsif+RgPVTkUYkrh46NNI48/ls\n/9quLgYNecWgkuT5jTDYSIMFz7cJcvJd//DhR8ynpH6suEzlqDcaT7km8WKJ4YI6\nFKoSgq2q0xY5a8l/rAEbssZK9cYQLddh6us1M0kgnSfDtjjxc7PbpZhezGfPzgz1\nzEhnz4PuuFMTKTNrAm3U8GzAuGi18jruFMqHSPrZBsFv/0Am+/R95/xnb+h2/EpO\nosut4Y0so9BEGPHwYIJ14Jqy2f/kLs5/VPFCO3q4K2YF7tzePgA4AIhoCw0SKYYV\nFf03AX46Fg7XEAoPMYPpYBc9JEjI+a2jQivmHuGfBOYERuW8ikrCNioeIkzHZNI8\nNEK7RDzXv3ojOueAMkSu6YeYLedKNXBO+kve6i9CUGuPDcBcWvgWH6KTukV/mE04\nk7psU4hWxhzqu3SvK1WUkHzM2Ght9X9CtqZUr83hLYJbCoo1EX0UHS1e0h3zGLvY\nHGvSPv/ixoIfO2QnxVyiG71HJPoraWrr3Uf7N8hGR0aBXx4jIy+AqIgYLH0ODb0i\nW6sqvv09GCIaYZW7Q63Cbz0CAwEAAQ==\n-----END PUBLIC KEY-----\n",
            "rsa_bits": 4096
          },
          "sensitive_attributes": []
        }
      ]
    }
  ],
  "check_results": null
}
